{
  "version": 4,
  "terraform_version": "0.14.7",
  "serial": 55,
  "lineage": "2453ef61-a318-8a08-d325-9b2a903c3889",
  "outputs": {
    "cluster_endpoint": {
      "value": "https://D40324DB5DB7B3A7A41478B2CFEE86F6.gr7.us-east-1.eks.amazonaws.com",
      "type": "string"
    },
    "cluster_id": {
      "value": "puneet-eks-b3zREmpT",
      "type": "string"
    },
    "cluster_name": {
      "value": "puneet-eks-b3zREmpT",
      "type": "string"
    },
    "cluster_security_group_id": {
      "value": "sg-0ca84f932501b7243",
      "type": "string"
    },
    "config_map_aws_auth": {
      "value": [
        {
          "binary_data": null,
          "data": {
            "mapAccounts": "[]\n",
            "mapRoles": "- \"groups\":\n  - \"system:bootstrappers\"\n  - \"system:nodes\"\n  \"rolearn\": \"arn:aws:iam::748880526031:role/puneet-eks-b3zREmpT2021082800102115470000000c\"\n  \"username\": \"system:node:{{EC2PrivateDNSName}}\"\n",
            "mapUsers": "[]\n"
          },
          "id": "kube-system/aws-auth",
          "metadata": [
            {
              "annotations": null,
              "generate_name": "",
              "generation": 0,
              "labels": {
                "app.kubernetes.io/managed-by": "Terraform",
                "terraform.io/module": "terraform-aws-modules.eks.aws"
              },
              "name": "aws-auth",
              "namespace": "kube-system",
              "resource_version": "704",
              "uid": "9e004258-ea7b-4a21-9518-b7bcccc14693"
            }
          ]
        }
      ],
      "type": [
        "tuple",
        [
          [
            "object",
            {
              "binary_data": [
                "map",
                "string"
              ],
              "data": [
                "map",
                "string"
              ],
              "id": "string",
              "metadata": [
                "list",
                [
                  "object",
                  {
                    "annotations": [
                      "map",
                      "string"
                    ],
                    "generate_name": "string",
                    "generation": "number",
                    "labels": [
                      "map",
                      "string"
                    ],
                    "name": "string",
                    "namespace": "string",
                    "resource_version": "string",
                    "uid": "string"
                  }
                ]
              ]
            }
          ]
        ]
      ]
    },
    "kubectl_config": {
      "value": "apiVersion: v1\npreferences: {}\nkind: Config\n\nclusters:\n- cluster:\n    server: https://D40324DB5DB7B3A7A41478B2CFEE86F6.gr7.us-east-1.eks.amazonaws.com\n    certificate-authority-data: LS0tLS1CRUdJTiBDRVJUSUZJQ0FURS0tLS0tCk1JSUM1ekNDQWMrZ0F3SUJBZ0lCQURBTkJna3Foa2lHOXcwQkFRc0ZBREFWTVJNd0VRWURWUVFERXdwcmRXSmwKY201bGRHVnpNQjRYRFRJeE1EZ3lPREF3TURVd09Gb1hEVE14TURneU5qQXdNRFV3T0Zvd0ZURVRNQkVHQTFVRQpBeE1LYTNWaVpYSnVaWFJsY3pDQ0FTSXdEUVlKS29aSWh2Y05BUUVCQlFBRGdnRVBBRENDQVFvQ2dnRUJBSjRQCmhDbitTdjd6cGdFYVV2TTBzNGRNejJoMzkwbEVEZG1SN3NQczV6RXdmT0ROU05rNUpaVHdvVW42K2lCUTRUWGcKRXQrOGQ3NzQ0T0NyYzRxZS9YUzljendldHJ1QXlFd0RxcFlSb1g4a2NEbUxhcEhVaVdmdHJDbzhTeUdWMDRQNwo3M3gzYmp2NHJqYVJ6dmRqbGlLbU5ERjBtZXNjUHJRNEI5dnZVeExZc3hIUVhFdGkwaHE3K0gvcFlleTMxUVlHCjR4ZG1ZZ0hJRHl6SURzcnVGTnRnU0d4YzcxVGdRT1FqZ3VqbWcrRnp3UWRtczZZaEhqcFU4ZWtsYm9ITHkwMlcKVDVwb2cxUk5pZkZOYmJIaUdpMUo0a21WR3lhLzhuWDg0M2E3eE80dkl4WUFlbHJaMWROK3B0ekxBaVpsUmxmRgo1UFp5ZlVBNlpsbVhPTmhLdkVrQ0F3RUFBYU5DTUVBd0RnWURWUjBQQVFIL0JBUURBZ0trTUE4R0ExVWRFd0VCCi93UUZNQU1CQWY4d0hRWURWUjBPQkJZRUZDSDNPODhoVyszOTZtVjQ2YUduVnhVVkk4OUxNQTBHQ1NxR1NJYjMKRFFFQkN3VUFBNElCQVFBV21jQjJ2V3gxdkx3UEgvdmI4dDJRNFJkYkRMMEtKSzJWbWk1V01CdHB3ZUZOOTRadwpqNGdKS0Jnb3RkNENUdDZHemwwNTMyY0NYaEc0bFkzTVFmOUFBTlgzc1M2WUo4VGJEMDNHSFVHY0p3VW5Nank1CmZEdFlxWEVtZzNjamEyeXo4ejdwTzFVWnozNTE3ZkxpM05veW51Y3VqZ1A2b2REbHpKejhBc3FPcDd3NWFUR0gKajNMT2cwUkpPaFJjRjBaVy9PUTdoYktQNEpZL0tMV3RSQXdUenNTM1BPb0daN1liWE5NUGF4UWNyYnBSV3pZdwpOTFRTS1FWRFVWR0dXNHdtQ3ArMkNha3dFQVZMQjZ4TEFRTlFvZ2hqM1ZSOC9XcTY5dEtqcDFYSnlUUGZjUEtkCi8zR1FUdGJocHUwczhnYVd2amlrcnVGZStWblZGMU5aQzdXbAotLS0tLUVORCBDRVJUSUZJQ0FURS0tLS0tCg==\n  name: eks_puneet-eks-b3zREmpT\n\ncontexts:\n- context:\n    cluster: eks_puneet-eks-b3zREmpT\n    user: eks_puneet-eks-b3zREmpT\n  name: eks_puneet-eks-b3zREmpT\n\ncurrent-context: eks_puneet-eks-b3zREmpT\n\nusers:\n- name: eks_puneet-eks-b3zREmpT\n  user:\n    exec:\n      apiVersion: client.authentication.k8s.io/v1alpha1\n      command: aws-iam-authenticator\n      args:\n        - \"token\"\n        - \"-i\"\n        - \"puneet-eks-b3zREmpT\"\n",
      "type": "string"
    },
    "region": {
      "value": "us-east-2",
      "type": "string"
    }
  },
  "resources": [
    {
      "mode": "data",
      "type": "aws_availability_zones",
      "name": "available",
      "provider": "provider[\"registry.terraform.io/hashicorp/aws\"]",
      "instances": [
        {
          "schema_version": 0,
          "attributes": {
            "all_availability_zones": null,
            "exclude_names": null,
            "exclude_zone_ids": null,
            "filter": null,
            "group_names": [
              "us-east-1"
            ],
            "id": "us-east-1",
            "names": [
              "us-east-1a",
              "us-east-1b",
              "us-east-1c",
              "us-east-1d",
              "us-east-1e",
              "us-east-1f"
            ],
            "state": null,
            "zone_ids": [
              "use1-az2",
              "use1-az4",
              "use1-az6",
              "use1-az1",
              "use1-az3",
              "use1-az5"
            ]
          },
          "sensitive_attributes": []
        }
      ]
    },
    {
      "mode": "data",
      "type": "aws_eks_cluster",
      "name": "cluster",
      "provider": "provider[\"registry.terraform.io/hashicorp/aws\"]",
      "instances": [
        {
          "schema_version": 0,
          "attributes": {
            "arn": "arn:aws:eks:us-east-1:748880526031:cluster/puneet-eks-b3zREmpT",
            "certificate_authority": [
              {
                "data": "LS0tLS1CRUdJTiBDRVJUSUZJQ0FURS0tLS0tCk1JSUM1ekNDQWMrZ0F3SUJBZ0lCQURBTkJna3Foa2lHOXcwQkFRc0ZBREFWTVJNd0VRWURWUVFERXdwcmRXSmwKY201bGRHVnpNQjRYRFRJeE1EZ3lPREF3TURVd09Gb1hEVE14TURneU5qQXdNRFV3T0Zvd0ZURVRNQkVHQTFVRQpBeE1LYTNWaVpYSnVaWFJsY3pDQ0FTSXdEUVlKS29aSWh2Y05BUUVCQlFBRGdnRVBBRENDQVFvQ2dnRUJBSjRQCmhDbitTdjd6cGdFYVV2TTBzNGRNejJoMzkwbEVEZG1SN3NQczV6RXdmT0ROU05rNUpaVHdvVW42K2lCUTRUWGcKRXQrOGQ3NzQ0T0NyYzRxZS9YUzljendldHJ1QXlFd0RxcFlSb1g4a2NEbUxhcEhVaVdmdHJDbzhTeUdWMDRQNwo3M3gzYmp2NHJqYVJ6dmRqbGlLbU5ERjBtZXNjUHJRNEI5dnZVeExZc3hIUVhFdGkwaHE3K0gvcFlleTMxUVlHCjR4ZG1ZZ0hJRHl6SURzcnVGTnRnU0d4YzcxVGdRT1FqZ3VqbWcrRnp3UWRtczZZaEhqcFU4ZWtsYm9ITHkwMlcKVDVwb2cxUk5pZkZOYmJIaUdpMUo0a21WR3lhLzhuWDg0M2E3eE80dkl4WUFlbHJaMWROK3B0ekxBaVpsUmxmRgo1UFp5ZlVBNlpsbVhPTmhLdkVrQ0F3RUFBYU5DTUVBd0RnWURWUjBQQVFIL0JBUURBZ0trTUE4R0ExVWRFd0VCCi93UUZNQU1CQWY4d0hRWURWUjBPQkJZRUZDSDNPODhoVyszOTZtVjQ2YUduVnhVVkk4OUxNQTBHQ1NxR1NJYjMKRFFFQkN3VUFBNElCQVFBV21jQjJ2V3gxdkx3UEgvdmI4dDJRNFJkYkRMMEtKSzJWbWk1V01CdHB3ZUZOOTRadwpqNGdKS0Jnb3RkNENUdDZHemwwNTMyY0NYaEc0bFkzTVFmOUFBTlgzc1M2WUo4VGJEMDNHSFVHY0p3VW5Nank1CmZEdFlxWEVtZzNjamEyeXo4ejdwTzFVWnozNTE3ZkxpM05veW51Y3VqZ1A2b2REbHpKejhBc3FPcDd3NWFUR0gKajNMT2cwUkpPaFJjRjBaVy9PUTdoYktQNEpZL0tMV3RSQXdUenNTM1BPb0daN1liWE5NUGF4UWNyYnBSV3pZdwpOTFRTS1FWRFVWR0dXNHdtQ3ArMkNha3dFQVZMQjZ4TEFRTlFvZ2hqM1ZSOC9XcTY5dEtqcDFYSnlUUGZjUEtkCi8zR1FUdGJocHUwczhnYVd2amlrcnVGZStWblZGMU5aQzdXbAotLS0tLUVORCBDRVJUSUZJQ0FURS0tLS0tCg=="
              }
            ],
            "created_at": "2021-08-27 23:57:14.147 +0000 UTC",
            "enabled_cluster_log_types": [],
            "endpoint": "https://D40324DB5DB7B3A7A41478B2CFEE86F6.gr7.us-east-1.eks.amazonaws.com",
            "id": "puneet-eks-b3zREmpT",
            "identity": [
              {
                "oidc": [
                  {
                    "issuer": "https://oidc.eks.us-east-1.amazonaws.com/id/D40324DB5DB7B3A7A41478B2CFEE86F6"
                  }
                ]
              }
            ],
            "kubernetes_network_config": [
              {
                "service_ipv4_cidr": "172.20.0.0/16"
              }
            ],
            "name": "puneet-eks-b3zREmpT",
            "platform_version": "eks.2",
            "role_arn": "arn:aws:iam::748880526031:role/puneet-eks-b3zREmpT20210827235657491300000002",
            "status": "ACTIVE",
            "tags": {
              "Environment": "training",
              "GithubOrg": "terraform-aws-modules",
              "GithubRepo": "terraform-aws-eks"
            },
            "version": "1.20",
            "vpc_config": [
              {
                "cluster_security_group_id": "sg-028dcd045da15a09a",
                "endpoint_private_access": false,
                "endpoint_public_access": true,
                "public_access_cidrs": [
                  "0.0.0.0/0"
                ],
                "security_group_ids": [
                  "sg-0ca84f932501b7243"
                ],
                "subnet_ids": [
                  "subnet-06845fc2f1a664954",
                  "subnet-079071da408a276a2",
                  "subnet-095ebdfd910006a7d"
                ],
                "vpc_id": "vpc-082a0e3d2d8773887"
              }
            ]
          },
          "sensitive_attributes": []
        }
      ]
    },
    {
      "mode": "data",
      "type": "aws_eks_cluster_auth",
      "name": "cluster",
      "provider": "provider[\"registry.terraform.io/hashicorp/aws\"]",
      "instances": [
        {
          "schema_version": 0,
          "attributes": {
            "id": "puneet-eks-b3zREmpT",
            "name": "puneet-eks-b3zREmpT",
            "token": "k8s-aws-v1.aHR0cHM6Ly9zdHMuYW1hem9uYXdzLmNvbS8_QWN0aW9uPUdldENhbGxlcklkZW50aXR5JlZlcnNpb249MjAxMS0wNi0xNSZYLUFtei1BbGdvcml0aG09QVdTNC1ITUFDLVNIQTI1NiZYLUFtei1DcmVkZW50aWFsPUFLSUEyNFhHQjdMSFhJUVpNSjRSJTJGMjAyMTA4MjglMkZ1cy1lYXN0LTElMkZzdHMlMkZhd3M0X3JlcXVlc3QmWC1BbXotRGF0ZT0yMDIxMDgyOFQwMDEwMjFaJlgtQW16LUV4cGlyZXM9MCZYLUFtei1TaWduZWRIZWFkZXJzPWhvc3QlM0J4LWs4cy1hd3MtaWQmWC1BbXotU2lnbmF0dXJlPTRiNDAxMTE4NTM0M2JiYTY3ZTRhOWE4YTYxNzM2ZDE0OGY1NTRiZDI5ODExNmFmYmVmOGY0ODc2NzkwOWI1YTU"
          },
          "sensitive_attributes": []
        }
      ]
    },
    {
      "mode": "managed",
      "type": "aws_security_group",
      "name": "all_worker_mgmt",
      "provider": "provider[\"registry.terraform.io/hashicorp/aws\"]",
      "instances": [
        {
          "schema_version": 1,
          "attributes": {
            "arn": "arn:aws:ec2:us-east-1:748880526031:security-group/sg-037148cc6a6659ac9",
            "description": "Managed by Terraform",
            "egress": [],
            "id": "sg-037148cc6a6659ac9",
            "ingress": [
              {
                "cidr_blocks": [
                  "10.0.0.0/8",
                  "172.16.0.0/12",
                  "192.168.0.0/16"
                ],
                "description": "",
                "from_port": 22,
                "ipv6_cidr_blocks": [],
                "prefix_list_ids": [],
                "protocol": "tcp",
                "security_groups": [],
                "self": false,
                "to_port": 22
              }
            ],
            "name": "all_worker_management2021082723570967130000000a",
            "name_prefix": "all_worker_management",
            "owner_id": "748880526031",
            "revoke_rules_on_delete": false,
            "tags": null,
            "tags_all": {},
            "timeouts": null,
            "vpc_id": "vpc-082a0e3d2d8773887"
          },
          "sensitive_attributes": [],
          "private": "eyJlMmJmYjczMC1lY2FhLTExZTYtOGY4OC0zNDM2M2JjN2M0YzAiOnsiY3JlYXRlIjo2MDAwMDAwMDAwMDAsImRlbGV0ZSI6OTAwMDAwMDAwMDAwfSwic2NoZW1hX3ZlcnNpb24iOiIxIn0=",
          "dependencies": [
            "module.vpc.aws_vpc.this",
            "random_string.suffix"
          ]
        }
      ]
    },
    {
      "mode": "managed",
      "type": "aws_security_group",
      "name": "worker_group_mgmt_one",
      "provider": "provider[\"registry.terraform.io/hashicorp/aws\"]",
      "instances": [
        {
          "schema_version": 1,
          "attributes": {
            "arn": "arn:aws:ec2:us-east-1:748880526031:security-group/sg-0b63997064a973617",
            "description": "Managed by Terraform",
            "egress": [],
            "id": "sg-0b63997064a973617",
            "ingress": [
              {
                "cidr_blocks": [
                  "10.0.0.0/8"
                ],
                "description": "",
                "from_port": 22,
                "ipv6_cidr_blocks": [],
                "prefix_list_ids": [],
                "protocol": "tcp",
                "security_groups": [],
                "self": false,
                "to_port": 22
              }
            ],
            "name": "worker_group_mgmt_one20210827235709670500000009",
            "name_prefix": "worker_group_mgmt_one",
            "owner_id": "748880526031",
            "revoke_rules_on_delete": false,
            "tags": null,
            "tags_all": {},
            "timeouts": null,
            "vpc_id": "vpc-082a0e3d2d8773887"
          },
          "sensitive_attributes": [],
          "private": "eyJlMmJmYjczMC1lY2FhLTExZTYtOGY4OC0zNDM2M2JjN2M0YzAiOnsiY3JlYXRlIjo2MDAwMDAwMDAwMDAsImRlbGV0ZSI6OTAwMDAwMDAwMDAwfSwic2NoZW1hX3ZlcnNpb24iOiIxIn0=",
          "dependencies": [
            "module.vpc.aws_vpc.this",
            "random_string.suffix"
          ],
          "create_before_destroy": true
        }
      ]
    },
    {
      "mode": "managed",
      "type": "aws_security_group",
      "name": "worker_group_mgmt_two",
      "provider": "provider[\"registry.terraform.io/hashicorp/aws\"]",
      "instances": [
        {
          "schema_version": 1,
          "attributes": {
            "arn": "arn:aws:ec2:us-east-1:748880526031:security-group/sg-0ea0bcc01b3f6e25f",
            "description": "Managed by Terraform",
            "egress": [],
            "id": "sg-0ea0bcc01b3f6e25f",
            "ingress": [
              {
                "cidr_blocks": [
                  "192.168.0.0/16"
                ],
                "description": "",
                "from_port": 22,
                "ipv6_cidr_blocks": [],
                "prefix_list_ids": [],
                "protocol": "tcp",
                "security_groups": [],
                "self": false,
                "to_port": 22
              }
            ],
            "name": "worker_group_mgmt_two2021082723570967190000000b",
            "name_prefix": "worker_group_mgmt_two",
            "owner_id": "748880526031",
            "revoke_rules_on_delete": false,
            "tags": null,
            "tags_all": {},
            "timeouts": null,
            "vpc_id": "vpc-082a0e3d2d8773887"
          },
          "sensitive_attributes": [],
          "private": "eyJlMmJmYjczMC1lY2FhLTExZTYtOGY4OC0zNDM2M2JjN2M0YzAiOnsiY3JlYXRlIjo2MDAwMDAwMDAwMDAsImRlbGV0ZSI6OTAwMDAwMDAwMDAwfSwic2NoZW1hX3ZlcnNpb24iOiIxIn0=",
          "dependencies": [
            "module.vpc.aws_vpc.this",
            "random_string.suffix"
          ],
          "create_before_destroy": true
        }
      ]
    },
    {
      "mode": "managed",
      "type": "random_string",
      "name": "suffix",
      "provider": "provider[\"registry.terraform.io/hashicorp/random\"]",
      "instances": [
        {
          "schema_version": 1,
          "attributes": {
            "id": "b3zREmpT",
            "keepers": null,
            "length": 8,
            "lower": true,
            "min_lower": 0,
            "min_numeric": 0,
            "min_special": 0,
            "min_upper": 0,
            "number": true,
            "override_special": null,
            "result": "b3zREmpT",
            "special": false,
            "upper": true
          },
          "sensitive_attributes": [],
          "private": "eyJzY2hlbWFfdmVyc2lvbiI6IjEifQ==",
          "create_before_destroy": true
        }
      ]
    },
    {
      "module": "module.eks",
      "mode": "data",
      "type": "aws_ami",
      "name": "eks_worker",
      "provider": "provider[\"registry.terraform.io/hashicorp/aws\"]",
      "instances": [
        {
          "index_key": 0,
          "schema_version": 0,
          "attributes": {
            "architecture": "x86_64",
            "arn": "arn:aws:ec2:us-east-1::image/ami-0a367f0faf6faf833",
            "block_device_mappings": [
              {
                "device_name": "/dev/xvda",
                "ebs": {
                  "delete_on_termination": "true",
                  "encrypted": "false",
                  "iops": "0",
                  "snapshot_id": "snap-03b85747b403dfb8b",
                  "throughput": "0",
                  "volume_size": "20",
                  "volume_type": "gp2"
                },
                "no_device": "",
                "virtual_name": ""
              }
            ],
            "creation_date": "2021-08-26T19:26:16.000Z",
            "description": "EKS Kubernetes Worker AMI with AmazonLinux2 image, (k8s: 1.20.4, docker: 19.03.13ce-1.amzn2, containerd: 1.4.6-2.amzn2)",
            "ena_support": true,
            "executable_users": null,
            "filter": [
              {
                "name": "name",
                "values": [
                  "amazon-eks-node-1.20-v*"
                ]
              }
            ],
            "hypervisor": "xen",
            "id": "ami-0a367f0faf6faf833",
            "image_id": "ami-0a367f0faf6faf833",
            "image_location": "amazon/amazon-eks-node-1.20-v20210826",
            "image_owner_alias": "amazon",
            "image_type": "machine",
            "kernel_id": null,
            "most_recent": true,
            "name": "amazon-eks-node-1.20-v20210826",
            "name_regex": null,
            "owner_id": "602401143452",
            "owners": [
              "amazon"
            ],
            "platform": null,
            "platform_details": "Linux/UNIX",
            "product_codes": [],
            "public": true,
            "ramdisk_id": null,
            "root_device_name": "/dev/xvda",
            "root_device_type": "ebs",
            "root_snapshot_id": "snap-03b85747b403dfb8b",
            "sriov_net_support": "simple",
            "state": "available",
            "state_reason": {
              "code": "UNSET",
              "message": "UNSET"
            },
            "tags": {},
            "usage_operation": "RunInstances",
            "virtualization_type": "hvm"
          },
          "sensitive_attributes": []
        }
      ]
    },
    {
      "module": "module.eks",
      "mode": "data",
      "type": "aws_caller_identity",
      "name": "current",
      "provider": "provider[\"registry.terraform.io/hashicorp/aws\"]",
      "instances": [
        {
          "schema_version": 0,
          "attributes": {
            "account_id": "748880526031",
            "arn": "arn:aws:iam::748880526031:user/puneet.pahuja",
            "id": "748880526031",
            "user_id": "AIDA24XGB7LHQUWVNCHLO"
          },
          "sensitive_attributes": []
        }
      ]
    },
    {
      "module": "module.eks",
      "mode": "data",
      "type": "aws_iam_policy_document",
      "name": "cluster_assume_role_policy",
      "provider": "provider[\"registry.terraform.io/hashicorp/aws\"]",
      "instances": [
        {
          "schema_version": 0,
          "attributes": {
            "id": "2764486067",
            "json": "{\n  \"Version\": \"2012-10-17\",\n  \"Statement\": [\n    {\n      \"Sid\": \"EKSClusterAssumeRole\",\n      \"Effect\": \"Allow\",\n      \"Action\": \"sts:AssumeRole\",\n      \"Principal\": {\n        \"Service\": \"eks.amazonaws.com\"\n      }\n    }\n  ]\n}",
            "override_json": null,
            "override_policy_documents": null,
            "policy_id": null,
            "source_json": null,
            "source_policy_documents": null,
            "statement": [
              {
                "actions": [
                  "sts:AssumeRole"
                ],
                "condition": [],
                "effect": "Allow",
                "not_actions": [],
                "not_principals": [],
                "not_resources": [],
                "principals": [
                  {
                    "identifiers": [
                      "eks.amazonaws.com"
                    ],
                    "type": "Service"
                  }
                ],
                "resources": [],
                "sid": "EKSClusterAssumeRole"
              }
            ],
            "version": "2012-10-17"
          },
          "sensitive_attributes": []
        }
      ]
    },
    {
      "module": "module.eks",
      "mode": "data",
      "type": "aws_iam_policy_document",
      "name": "cluster_elb_sl_role_creation",
      "provider": "provider[\"registry.terraform.io/hashicorp/aws\"]",
      "instances": [
        {
          "index_key": 0,
          "schema_version": 0,
          "attributes": {
            "id": "3709839417",
            "json": "{\n  \"Version\": \"2012-10-17\",\n  \"Statement\": [\n    {\n      \"Sid\": \"\",\n      \"Effect\": \"Allow\",\n      \"Action\": [\n        \"ec2:DescribeInternetGateways\",\n        \"ec2:DescribeAddresses\",\n        \"ec2:DescribeAccountAttributes\"\n      ],\n      \"Resource\": \"*\"\n    }\n  ]\n}",
            "override_json": null,
            "override_policy_documents": null,
            "policy_id": null,
            "source_json": null,
            "source_policy_documents": null,
            "statement": [
              {
                "actions": [
                  "ec2:DescribeAccountAttributes",
                  "ec2:DescribeAddresses",
                  "ec2:DescribeInternetGateways"
                ],
                "condition": [],
                "effect": "Allow",
                "not_actions": [],
                "not_principals": [],
                "not_resources": [],
                "principals": [],
                "resources": [
                  "*"
                ],
                "sid": ""
              }
            ],
            "version": "2012-10-17"
          },
          "sensitive_attributes": []
        }
      ]
    },
    {
      "module": "module.eks",
      "mode": "data",
      "type": "aws_iam_policy_document",
      "name": "workers_assume_role_policy",
      "provider": "provider[\"registry.terraform.io/hashicorp/aws\"]",
      "instances": [
        {
          "schema_version": 0,
          "attributes": {
            "id": "3778018924",
            "json": "{\n  \"Version\": \"2012-10-17\",\n  \"Statement\": [\n    {\n      \"Sid\": \"EKSWorkerAssumeRole\",\n      \"Effect\": \"Allow\",\n      \"Action\": \"sts:AssumeRole\",\n      \"Principal\": {\n        \"Service\": \"ec2.amazonaws.com\"\n      }\n    }\n  ]\n}",
            "override_json": null,
            "override_policy_documents": null,
            "policy_id": null,
            "source_json": null,
            "source_policy_documents": null,
            "statement": [
              {
                "actions": [
                  "sts:AssumeRole"
                ],
                "condition": [],
                "effect": "Allow",
                "not_actions": [],
                "not_principals": [],
                "not_resources": [],
                "principals": [
                  {
                    "identifiers": [
                      "ec2.amazonaws.com"
                    ],
                    "type": "Service"
                  }
                ],
                "resources": [],
                "sid": "EKSWorkerAssumeRole"
              }
            ],
            "version": "2012-10-17"
          },
          "sensitive_attributes": []
        }
      ]
    },
    {
      "module": "module.eks",
      "mode": "data",
      "type": "aws_partition",
      "name": "current",
      "provider": "provider[\"registry.terraform.io/hashicorp/aws\"]",
      "instances": [
        {
          "schema_version": 0,
          "attributes": {
            "dns_suffix": "amazonaws.com",
            "id": "aws",
            "partition": "aws",
            "reverse_dns_prefix": "com.amazonaws"
          },
          "sensitive_attributes": []
        }
      ]
    },
    {
      "module": "module.eks",
      "mode": "data",
      "type": "http",
      "name": "wait_for_cluster",
      "provider": "provider[\"registry.terraform.io/terraform-aws-modules/http\"]",
      "instances": [
        {
          "index_key": 0,
          "schema_version": 0,
          "attributes": {
            "body": "ok",
            "ca_certificate": "-----BEGIN CERTIFICATE-----\nMIIC5zCCAc+gAwIBAgIBADANBgkqhkiG9w0BAQsFADAVMRMwEQYDVQQDEwprdWJl\ncm5ldGVzMB4XDTIxMDgyODAwMDUwOFoXDTMxMDgyNjAwMDUwOFowFTETMBEGA1UE\nAxMKa3ViZXJuZXRlczCCASIwDQYJKoZIhvcNAQEBBQADggEPADCCAQoCggEBAJ4P\nhCn+Sv7zpgEaUvM0s4dMz2h390lEDdmR7sPs5zEwfODNSNk5JZTwoUn6+iBQ4TXg\nEt+8d7744OCrc4qe/XS9czwetruAyEwDqpYRoX8kcDmLapHUiWftrCo8SyGV04P7\n73x3bjv4rjaRzvdjliKmNDF0mescPrQ4B9vvUxLYsxHQXEti0hq7+H/pYey31QYG\n4xdmYgHIDyzIDsruFNtgSGxc71TgQOQjgujmg+FzwQdms6YhHjpU8eklboHLy02W\nT5pog1RNifFNbbHiGi1J4kmVGya/8nX843a7xO4vIxYAelrZ1dN+ptzLAiZlRlfF\n5PZyfUA6ZlmXONhKvEkCAwEAAaNCMEAwDgYDVR0PAQH/BAQDAgKkMA8GA1UdEwEB\n/wQFMAMBAf8wHQYDVR0OBBYEFCH3O88hW+396mV46aGnVxUVI89LMA0GCSqGSIb3\nDQEBCwUAA4IBAQAWmcB2vWx1vLwPH/vb8t2Q4RdbDL0KJK2Vmi5WMBtpweFN94Zw\nj4gJKBgotd4CTt6Gzl0532cCXhG4lY3MQf9AANX3sS6YJ8TbD03GHUGcJwUnMjy5\nfDtYqXEmg3cja2yz8z7pO1UZz3517fLi3NoynucujgP6odDlzJz8AsqOp7w5aTGH\nj3LOg0RJOhRcF0ZW/OQ7hbKP4JY/KLWtRAwTzsS3POoGZ7YbXNMPaxQcrbpRWzYw\nNLTSKQVDUVGGW4wmCp+2CakwEAVLB6xLAQNQoghj3VR8/Wq69tKjp1XJyTPfcPKd\n/3GQTtbhpu0s8gaWvjikruFe+VnVF1NZC7Wl\n-----END CERTIFICATE-----\n",
            "id": "https://D40324DB5DB7B3A7A41478B2CFEE86F6.gr7.us-east-1.eks.amazonaws.com/healthz",
            "insecure": false,
            "request_headers": null,
            "response_headers": {
              "Cache-Control": "no-cache, private",
              "Content-Length": "2",
              "Content-Type": "text/plain; charset=utf-8",
              "Date": "Sat, 28 Aug 2021 00:10:21 GMT",
              "X-Content-Type-Options": "nosniff",
              "X-Kubernetes-Pf-Flowschema-Uid": "cc70d2ac-27f2-4585-96c6-58fe39d856d7",
              "X-Kubernetes-Pf-Prioritylevel-Uid": "ac3d2b07-9605-4e3b-b065-387062250dad"
            },
            "timeout": 300,
            "url": "https://D40324DB5DB7B3A7A41478B2CFEE86F6.gr7.us-east-1.eks.amazonaws.com/healthz"
          },
          "sensitive_attributes": []
        }
      ]
    },
    {
      "module": "module.eks",
      "mode": "managed",
      "type": "aws_autoscaling_group",
      "name": "workers",
      "provider": "provider[\"registry.terraform.io/hashicorp/aws\"]",
      "instances": [
        {
          "index_key": 0,
          "schema_version": 0,
          "attributes": {
            "arn": "arn:aws:autoscaling:us-east-1:748880526031:autoScalingGroup:a5c2c29a-b584-496e-80d8-3f625fbe3f8f:autoScalingGroupName/puneet-eks-b3zREmpT-worker-group-120210828001030879100000015",
            "availability_zones": [
              "us-east-1a",
              "us-east-1b",
              "us-east-1c"
            ],
            "capacity_rebalance": false,
            "default_cooldown": 300,
            "desired_capacity": 2,
            "enabled_metrics": null,
            "force_delete": false,
            "force_delete_warm_pool": false,
            "health_check_grace_period": 300,
            "health_check_type": "EC2",
            "id": "puneet-eks-b3zREmpT-worker-group-120210828001030879100000015",
            "initial_lifecycle_hook": [],
            "instance_refresh": [],
            "launch_configuration": "puneet-eks-b3zREmpT-worker-group-120210828001022132300000012",
            "launch_template": [],
            "load_balancers": null,
            "max_instance_lifetime": 0,
            "max_size": 3,
            "metrics_granularity": "1Minute",
            "min_elb_capacity": null,
            "min_size": 1,
            "mixed_instances_policy": [],
            "name": "puneet-eks-b3zREmpT-worker-group-120210828001030879100000015",
            "name_prefix": "puneet-eks-b3zREmpT-worker-group-1",
            "placement_group": "",
            "protect_from_scale_in": false,
            "service_linked_role_arn": "arn:aws:iam::748880526031:role/aws-service-role/autoscaling.amazonaws.com/AWSServiceRoleForAutoScaling",
            "suspended_processes": [
              "AZRebalance"
            ],
            "tag": [
              {
                "key": "Environment",
                "propagate_at_launch": true,
                "value": "training"
              },
              {
                "key": "GithubOrg",
                "propagate_at_launch": true,
                "value": "terraform-aws-modules"
              },
              {
                "key": "GithubRepo",
                "propagate_at_launch": true,
                "value": "terraform-aws-eks"
              },
              {
                "key": "Name",
                "propagate_at_launch": true,
                "value": "puneet-eks-b3zREmpT-worker-group-1-eks_asg"
              },
              {
                "key": "k8s.io/cluster/puneet-eks-b3zREmpT",
                "propagate_at_launch": true,
                "value": "owned"
              },
              {
                "key": "kubernetes.io/cluster/puneet-eks-b3zREmpT",
                "propagate_at_launch": true,
                "value": "owned"
              }
            ],
            "tags": null,
            "target_group_arns": null,
            "termination_policies": [],
            "timeouts": null,
            "vpc_zone_identifier": [
              "subnet-06845fc2f1a664954",
              "subnet-079071da408a276a2",
              "subnet-095ebdfd910006a7d"
            ],
            "wait_for_capacity_timeout": "10m",
            "wait_for_elb_capacity": null,
            "warm_pool": []
          },
          "sensitive_attributes": [],
          "private": "eyJlMmJmYjczMC1lY2FhLTExZTYtOGY4OC0zNDM2M2JjN2M0YzAiOnsiZGVsZXRlIjo2MDAwMDAwMDAwMDB9fQ==",
          "dependencies": [
            "aws_security_group.worker_group_mgmt_one",
            "aws_security_group.worker_group_mgmt_two",
            "data.aws_availability_zones.available",
            "module.eks.aws_cloudwatch_log_group.this",
            "module.eks.aws_eks_cluster.this",
            "module.eks.aws_iam_instance_profile.workers",
            "module.eks.aws_iam_role.cluster",
            "module.eks.aws_iam_role.workers",
            "module.eks.aws_iam_role_policy_attachment.cluster_AmazonEKSClusterPolicy",
            "module.eks.aws_iam_role_policy_attachment.cluster_AmazonEKSServicePolicy",
            "module.eks.aws_iam_role_policy_attachment.cluster_AmazonEKSVPCResourceControllerPolicy",
            "module.eks.aws_iam_role_policy_attachment.workers_AmazonEC2ContainerRegistryReadOnly",
            "module.eks.aws_iam_role_policy_attachment.workers_AmazonEKSWorkerNodePolicy",
            "module.eks.aws_iam_role_policy_attachment.workers_AmazonEKS_CNI_Policy",
            "module.eks.aws_iam_role_policy_attachment.workers_additional_policies",
            "module.eks.aws_launch_configuration.workers",
            "module.eks.aws_security_group.cluster",
            "module.eks.aws_security_group.workers",
            "module.eks.aws_security_group_rule.cluster_egress_internet",
            "module.eks.aws_security_group_rule.cluster_https_worker_ingress",
            "module.eks.aws_security_group_rule.cluster_primary_ingress_workers",
            "module.eks.aws_security_group_rule.workers_egress_internet",
            "module.eks.aws_security_group_rule.workers_ingress_cluster",
            "module.eks.aws_security_group_rule.workers_ingress_cluster_https",
            "module.eks.aws_security_group_rule.workers_ingress_cluster_kubelet",
            "module.eks.aws_security_group_rule.workers_ingress_cluster_primary",
            "module.eks.aws_security_group_rule.workers_ingress_self",
            "module.eks.data.aws_ami.eks_worker",
            "module.eks.data.aws_ami.eks_worker_windows",
            "module.eks.data.aws_iam_instance_profile.custom_worker_group_iam_instance_profile",
            "module.eks.data.aws_iam_policy_document.cluster_assume_role_policy",
            "module.eks.data.aws_iam_policy_document.workers_assume_role_policy",
            "module.eks.data.aws_iam_role.custom_cluster_iam_role",
            "module.eks.data.aws_partition.current",
            "module.vpc.aws_subnet.private",
            "module.vpc.aws_vpc.this",
            "module.vpc.aws_vpc_ipv4_cidr_block_association.this",
            "random_string.suffix"
          ],
          "create_before_destroy": true
        },
        {
          "index_key": 1,
          "schema_version": 0,
          "attributes": {
            "arn": "arn:aws:autoscaling:us-east-1:748880526031:autoScalingGroup:959118d1-9b96-44c0-b591-7842e36742e8:autoScalingGroupName/puneet-eks-b3zREmpT-worker-group-220210828001030868100000014",
            "availability_zones": [
              "us-east-1a",
              "us-east-1b",
              "us-east-1c"
            ],
            "capacity_rebalance": false,
            "default_cooldown": 300,
            "desired_capacity": 1,
            "enabled_metrics": null,
            "force_delete": false,
            "force_delete_warm_pool": false,
            "health_check_grace_period": 300,
            "health_check_type": "EC2",
            "id": "puneet-eks-b3zREmpT-worker-group-220210828001030868100000014",
            "initial_lifecycle_hook": [],
            "instance_refresh": [],
            "launch_configuration": "puneet-eks-b3zREmpT-worker-group-220210828001022136500000013",
            "launch_template": [],
            "load_balancers": null,
            "max_instance_lifetime": 0,
            "max_size": 3,
            "metrics_granularity": "1Minute",
            "min_elb_capacity": null,
            "min_size": 1,
            "mixed_instances_policy": [],
            "name": "puneet-eks-b3zREmpT-worker-group-220210828001030868100000014",
            "name_prefix": "puneet-eks-b3zREmpT-worker-group-2",
            "placement_group": "",
            "protect_from_scale_in": false,
            "service_linked_role_arn": "arn:aws:iam::748880526031:role/aws-service-role/autoscaling.amazonaws.com/AWSServiceRoleForAutoScaling",
            "suspended_processes": [
              "AZRebalance"
            ],
            "tag": [
              {
                "key": "Environment",
                "propagate_at_launch": true,
                "value": "training"
              },
              {
                "key": "GithubOrg",
                "propagate_at_launch": true,
                "value": "terraform-aws-modules"
              },
              {
                "key": "GithubRepo",
                "propagate_at_launch": true,
                "value": "terraform-aws-eks"
              },
              {
                "key": "Name",
                "propagate_at_launch": true,
                "value": "puneet-eks-b3zREmpT-worker-group-2-eks_asg"
              },
              {
                "key": "k8s.io/cluster/puneet-eks-b3zREmpT",
                "propagate_at_launch": true,
                "value": "owned"
              },
              {
                "key": "kubernetes.io/cluster/puneet-eks-b3zREmpT",
                "propagate_at_launch": true,
                "value": "owned"
              }
            ],
            "tags": null,
            "target_group_arns": null,
            "termination_policies": [],
            "timeouts": null,
            "vpc_zone_identifier": [
              "subnet-06845fc2f1a664954",
              "subnet-079071da408a276a2",
              "subnet-095ebdfd910006a7d"
            ],
            "wait_for_capacity_timeout": "10m",
            "wait_for_elb_capacity": null,
            "warm_pool": []
          },
          "sensitive_attributes": [],
          "private": "eyJlMmJmYjczMC1lY2FhLTExZTYtOGY4OC0zNDM2M2JjN2M0YzAiOnsiZGVsZXRlIjo2MDAwMDAwMDAwMDB9fQ==",
          "dependencies": [
            "aws_security_group.worker_group_mgmt_one",
            "aws_security_group.worker_group_mgmt_two",
            "data.aws_availability_zones.available",
            "module.eks.aws_cloudwatch_log_group.this",
            "module.eks.aws_eks_cluster.this",
            "module.eks.aws_iam_instance_profile.workers",
            "module.eks.aws_iam_role.cluster",
            "module.eks.aws_iam_role.workers",
            "module.eks.aws_iam_role_policy_attachment.cluster_AmazonEKSClusterPolicy",
            "module.eks.aws_iam_role_policy_attachment.cluster_AmazonEKSServicePolicy",
            "module.eks.aws_iam_role_policy_attachment.cluster_AmazonEKSVPCResourceControllerPolicy",
            "module.eks.aws_iam_role_policy_attachment.workers_AmazonEC2ContainerRegistryReadOnly",
            "module.eks.aws_iam_role_policy_attachment.workers_AmazonEKSWorkerNodePolicy",
            "module.eks.aws_iam_role_policy_attachment.workers_AmazonEKS_CNI_Policy",
            "module.eks.aws_iam_role_policy_attachment.workers_additional_policies",
            "module.eks.aws_launch_configuration.workers",
            "module.eks.aws_security_group.cluster",
            "module.eks.aws_security_group.workers",
            "module.eks.aws_security_group_rule.cluster_egress_internet",
            "module.eks.aws_security_group_rule.cluster_https_worker_ingress",
            "module.eks.aws_security_group_rule.cluster_primary_ingress_workers",
            "module.eks.aws_security_group_rule.workers_egress_internet",
            "module.eks.aws_security_group_rule.workers_ingress_cluster",
            "module.eks.aws_security_group_rule.workers_ingress_cluster_https",
            "module.eks.aws_security_group_rule.workers_ingress_cluster_kubelet",
            "module.eks.aws_security_group_rule.workers_ingress_cluster_primary",
            "module.eks.aws_security_group_rule.workers_ingress_self",
            "module.eks.data.aws_ami.eks_worker",
            "module.eks.data.aws_ami.eks_worker_windows",
            "module.eks.data.aws_iam_instance_profile.custom_worker_group_iam_instance_profile",
            "module.eks.data.aws_iam_policy_document.cluster_assume_role_policy",
            "module.eks.data.aws_iam_policy_document.workers_assume_role_policy",
            "module.eks.data.aws_iam_role.custom_cluster_iam_role",
            "module.eks.data.aws_partition.current",
            "module.vpc.aws_subnet.private",
            "module.vpc.aws_vpc.this",
            "module.vpc.aws_vpc_ipv4_cidr_block_association.this",
            "random_string.suffix"
          ],
          "create_before_destroy": true
        }
      ]
    },
    {
      "module": "module.eks",
      "mode": "managed",
      "type": "aws_eks_cluster",
      "name": "this",
      "provider": "provider[\"registry.terraform.io/hashicorp/aws\"]",
      "instances": [
        {
          "index_key": 0,
          "schema_version": 0,
          "attributes": {
            "arn": "arn:aws:eks:us-east-1:748880526031:cluster/puneet-eks-b3zREmpT",
            "certificate_authority": [
              {
                "data": "LS0tLS1CRUdJTiBDRVJUSUZJQ0FURS0tLS0tCk1JSUM1ekNDQWMrZ0F3SUJBZ0lCQURBTkJna3Foa2lHOXcwQkFRc0ZBREFWTVJNd0VRWURWUVFERXdwcmRXSmwKY201bGRHVnpNQjRYRFRJeE1EZ3lPREF3TURVd09Gb1hEVE14TURneU5qQXdNRFV3T0Zvd0ZURVRNQkVHQTFVRQpBeE1LYTNWaVpYSnVaWFJsY3pDQ0FTSXdEUVlKS29aSWh2Y05BUUVCQlFBRGdnRVBBRENDQVFvQ2dnRUJBSjRQCmhDbitTdjd6cGdFYVV2TTBzNGRNejJoMzkwbEVEZG1SN3NQczV6RXdmT0ROU05rNUpaVHdvVW42K2lCUTRUWGcKRXQrOGQ3NzQ0T0NyYzRxZS9YUzljendldHJ1QXlFd0RxcFlSb1g4a2NEbUxhcEhVaVdmdHJDbzhTeUdWMDRQNwo3M3gzYmp2NHJqYVJ6dmRqbGlLbU5ERjBtZXNjUHJRNEI5dnZVeExZc3hIUVhFdGkwaHE3K0gvcFlleTMxUVlHCjR4ZG1ZZ0hJRHl6SURzcnVGTnRnU0d4YzcxVGdRT1FqZ3VqbWcrRnp3UWRtczZZaEhqcFU4ZWtsYm9ITHkwMlcKVDVwb2cxUk5pZkZOYmJIaUdpMUo0a21WR3lhLzhuWDg0M2E3eE80dkl4WUFlbHJaMWROK3B0ekxBaVpsUmxmRgo1UFp5ZlVBNlpsbVhPTmhLdkVrQ0F3RUFBYU5DTUVBd0RnWURWUjBQQVFIL0JBUURBZ0trTUE4R0ExVWRFd0VCCi93UUZNQU1CQWY4d0hRWURWUjBPQkJZRUZDSDNPODhoVyszOTZtVjQ2YUduVnhVVkk4OUxNQTBHQ1NxR1NJYjMKRFFFQkN3VUFBNElCQVFBV21jQjJ2V3gxdkx3UEgvdmI4dDJRNFJkYkRMMEtKSzJWbWk1V01CdHB3ZUZOOTRadwpqNGdKS0Jnb3RkNENUdDZHemwwNTMyY0NYaEc0bFkzTVFmOUFBTlgzc1M2WUo4VGJEMDNHSFVHY0p3VW5Nank1CmZEdFlxWEVtZzNjamEyeXo4ejdwTzFVWnozNTE3ZkxpM05veW51Y3VqZ1A2b2REbHpKejhBc3FPcDd3NWFUR0gKajNMT2cwUkpPaFJjRjBaVy9PUTdoYktQNEpZL0tMV3RSQXdUenNTM1BPb0daN1liWE5NUGF4UWNyYnBSV3pZdwpOTFRTS1FWRFVWR0dXNHdtQ3ArMkNha3dFQVZMQjZ4TEFRTlFvZ2hqM1ZSOC9XcTY5dEtqcDFYSnlUUGZjUEtkCi8zR1FUdGJocHUwczhnYVd2amlrcnVGZStWblZGMU5aQzdXbAotLS0tLUVORCBDRVJUSUZJQ0FURS0tLS0tCg=="
              }
            ],
            "created_at": "2021-08-27 23:57:14.147 +0000 UTC",
            "enabled_cluster_log_types": null,
            "encryption_config": [],
            "endpoint": "https://D40324DB5DB7B3A7A41478B2CFEE86F6.gr7.us-east-1.eks.amazonaws.com",
            "id": "puneet-eks-b3zREmpT",
            "identity": [
              {
                "oidc": [
                  {
                    "issuer": "https://oidc.eks.us-east-1.amazonaws.com/id/D40324DB5DB7B3A7A41478B2CFEE86F6"
                  }
                ]
              }
            ],
            "kubernetes_network_config": [
              {
                "service_ipv4_cidr": "172.20.0.0/16"
              }
            ],
            "name": "puneet-eks-b3zREmpT",
            "platform_version": "eks.2",
            "role_arn": "arn:aws:iam::748880526031:role/puneet-eks-b3zREmpT20210827235657491300000002",
            "status": "ACTIVE",
            "tags": {
              "Environment": "training",
              "GithubOrg": "terraform-aws-modules",
              "GithubRepo": "terraform-aws-eks"
            },
            "tags_all": {
              "Environment": "training",
              "GithubOrg": "terraform-aws-modules",
              "GithubRepo": "terraform-aws-eks"
            },
            "timeouts": {
              "create": "30m",
              "delete": "15m",
              "update": null
            },
            "version": "1.20",
            "vpc_config": [
              {
                "cluster_security_group_id": "sg-028dcd045da15a09a",
                "endpoint_private_access": false,
                "endpoint_public_access": true,
                "public_access_cidrs": [
                  "0.0.0.0/0"
                ],
                "security_group_ids": [
                  "sg-0ca84f932501b7243"
                ],
                "subnet_ids": [
                  "subnet-06845fc2f1a664954",
                  "subnet-079071da408a276a2",
                  "subnet-095ebdfd910006a7d"
                ],
                "vpc_id": "vpc-082a0e3d2d8773887"
              }
            ]
          },
          "sensitive_attributes": [],
          "private": "eyJlMmJmYjczMC1lY2FhLTExZTYtOGY4OC0zNDM2M2JjN2M0YzAiOnsiY3JlYXRlIjoxODAwMDAwMDAwMDAwLCJkZWxldGUiOjkwMDAwMDAwMDAwMCwidXBkYXRlIjozNjAwMDAwMDAwMDAwfX0=",
          "dependencies": [
            "data.aws_availability_zones.available",
            "module.eks.aws_cloudwatch_log_group.this",
            "module.eks.aws_iam_role.cluster",
            "module.eks.aws_iam_role_policy_attachment.cluster_AmazonEKSClusterPolicy",
            "module.eks.aws_iam_role_policy_attachment.cluster_AmazonEKSServicePolicy",
            "module.eks.aws_iam_role_policy_attachment.cluster_AmazonEKSVPCResourceControllerPolicy",
            "module.eks.aws_security_group.cluster",
            "module.eks.aws_security_group.workers",
            "module.eks.aws_security_group_rule.cluster_egress_internet",
            "module.eks.aws_security_group_rule.cluster_https_worker_ingress",
            "module.eks.data.aws_iam_policy_document.cluster_assume_role_policy",
            "module.eks.data.aws_iam_role.custom_cluster_iam_role",
            "module.eks.data.aws_partition.current",
            "module.vpc.aws_subnet.private",
            "module.vpc.aws_vpc.this",
            "module.vpc.aws_vpc_ipv4_cidr_block_association.this",
            "random_string.suffix"
          ],
          "create_before_destroy": true
        }
      ]
    },
    {
      "module": "module.eks",
      "mode": "managed",
      "type": "aws_iam_instance_profile",
      "name": "workers",
      "provider": "provider[\"registry.terraform.io/hashicorp/aws\"]",
      "instances": [
        {
          "index_key": 0,
          "schema_version": 0,
          "attributes": {
            "arn": "arn:aws:iam::748880526031:instance-profile/puneet-eks-b3zREmpT2021082800102173330000000e",
            "create_date": "2021-08-28T00:10:21Z",
            "id": "puneet-eks-b3zREmpT2021082800102173330000000e",
            "name": "puneet-eks-b3zREmpT2021082800102173330000000e",
            "name_prefix": "puneet-eks-b3zREmpT",
            "path": "/",
            "role": "puneet-eks-b3zREmpT2021082800102115470000000c",
            "tags": {
              "Environment": "training",
              "GithubOrg": "terraform-aws-modules",
              "GithubRepo": "terraform-aws-eks"
            },
            "tags_all": {
              "Environment": "training",
              "GithubOrg": "terraform-aws-modules",
              "GithubRepo": "terraform-aws-eks"
            },
            "unique_id": "AIPA24XGB7LHYXMA3QSRI"
          },
          "sensitive_attributes": [],
          "private": "bnVsbA==",
          "dependencies": [
            "aws_security_group.worker_group_mgmt_one",
            "aws_security_group.worker_group_mgmt_two",
            "data.aws_availability_zones.available",
            "module.eks.aws_cloudwatch_log_group.this",
            "module.eks.aws_eks_cluster.this",
            "module.eks.aws_iam_role.cluster",
            "module.eks.aws_iam_role.workers",
            "module.eks.aws_iam_role_policy_attachment.cluster_AmazonEKSClusterPolicy",
            "module.eks.aws_iam_role_policy_attachment.cluster_AmazonEKSServicePolicy",
            "module.eks.aws_iam_role_policy_attachment.cluster_AmazonEKSVPCResourceControllerPolicy",
            "module.eks.aws_security_group.cluster",
            "module.eks.aws_security_group.workers",
            "module.eks.aws_security_group_rule.cluster_egress_internet",
            "module.eks.aws_security_group_rule.cluster_https_worker_ingress",
            "module.eks.data.aws_iam_policy_document.cluster_assume_role_policy",
            "module.eks.data.aws_iam_policy_document.workers_assume_role_policy",
            "module.eks.data.aws_iam_role.custom_cluster_iam_role",
            "module.eks.data.aws_partition.current",
            "module.vpc.aws_subnet.private",
            "module.vpc.aws_vpc.this",
            "module.vpc.aws_vpc_ipv4_cidr_block_association.this",
            "random_string.suffix"
          ],
          "create_before_destroy": true
        },
        {
          "index_key": 1,
          "schema_version": 0,
          "attributes": {
            "arn": "arn:aws:iam::748880526031:instance-profile/puneet-eks-b3zREmpT2021082800102173210000000d",
            "create_date": "2021-08-28T00:10:21Z",
            "id": "puneet-eks-b3zREmpT2021082800102173210000000d",
            "name": "puneet-eks-b3zREmpT2021082800102173210000000d",
            "name_prefix": "puneet-eks-b3zREmpT",
            "path": "/",
            "role": "puneet-eks-b3zREmpT2021082800102115470000000c",
            "tags": {
              "Environment": "training",
              "GithubOrg": "terraform-aws-modules",
              "GithubRepo": "terraform-aws-eks"
            },
            "tags_all": {
              "Environment": "training",
              "GithubOrg": "terraform-aws-modules",
              "GithubRepo": "terraform-aws-eks"
            },
            "unique_id": "AIPA24XGB7LHWBONT3EWA"
          },
          "sensitive_attributes": [],
          "private": "bnVsbA==",
          "dependencies": [
            "aws_security_group.worker_group_mgmt_one",
            "aws_security_group.worker_group_mgmt_two",
            "data.aws_availability_zones.available",
            "module.eks.aws_cloudwatch_log_group.this",
            "module.eks.aws_eks_cluster.this",
            "module.eks.aws_iam_role.cluster",
            "module.eks.aws_iam_role.workers",
            "module.eks.aws_iam_role_policy_attachment.cluster_AmazonEKSClusterPolicy",
            "module.eks.aws_iam_role_policy_attachment.cluster_AmazonEKSServicePolicy",
            "module.eks.aws_iam_role_policy_attachment.cluster_AmazonEKSVPCResourceControllerPolicy",
            "module.eks.aws_security_group.cluster",
            "module.eks.aws_security_group.workers",
            "module.eks.aws_security_group_rule.cluster_egress_internet",
            "module.eks.aws_security_group_rule.cluster_https_worker_ingress",
            "module.eks.data.aws_iam_policy_document.cluster_assume_role_policy",
            "module.eks.data.aws_iam_policy_document.workers_assume_role_policy",
            "module.eks.data.aws_iam_role.custom_cluster_iam_role",
            "module.eks.data.aws_partition.current",
            "module.vpc.aws_subnet.private",
            "module.vpc.aws_vpc.this",
            "module.vpc.aws_vpc_ipv4_cidr_block_association.this",
            "random_string.suffix"
          ],
          "create_before_destroy": true
        }
      ]
    },
    {
      "module": "module.eks",
      "mode": "managed",
      "type": "aws_iam_policy",
      "name": "cluster_elb_sl_role_creation",
      "provider": "provider[\"registry.terraform.io/hashicorp/aws\"]",
      "instances": [
        {
          "index_key": 0,
          "schema_version": 0,
          "attributes": {
            "arn": "arn:aws:iam::748880526031:policy/puneet-eks-b3zREmpT-elb-sl-role-creation20210827235657487800000001",
            "description": "Permissions for EKS to create AWSServiceRoleForElasticLoadBalancing service-linked role",
            "id": "arn:aws:iam::748880526031:policy/puneet-eks-b3zREmpT-elb-sl-role-creation20210827235657487800000001",
            "name": "puneet-eks-b3zREmpT-elb-sl-role-creation20210827235657487800000001",
            "name_prefix": "puneet-eks-b3zREmpT-elb-sl-role-creation",
            "path": "/",
            "policy": "{\n  \"Version\": \"2012-10-17\",\n  \"Statement\": [\n    {\n      \"Sid\": \"\",\n      \"Effect\": \"Allow\",\n      \"Action\": [\n        \"ec2:DescribeInternetGateways\",\n        \"ec2:DescribeAddresses\",\n        \"ec2:DescribeAccountAttributes\"\n      ],\n      \"Resource\": \"*\"\n    }\n  ]\n}",
            "policy_id": "ANPA24XGB7LHXAMCTPCP7",
            "tags": {
              "Environment": "training",
              "GithubOrg": "terraform-aws-modules",
              "GithubRepo": "terraform-aws-eks"
            },
            "tags_all": {
              "Environment": "training",
              "GithubOrg": "terraform-aws-modules",
              "GithubRepo": "terraform-aws-eks"
            }
          },
          "sensitive_attributes": [],
          "private": "bnVsbA==",
          "dependencies": [
            "module.eks.data.aws_iam_policy_document.cluster_elb_sl_role_creation",
            "random_string.suffix"
          ]
        }
      ]
    },
    {
      "module": "module.eks",
      "mode": "managed",
      "type": "aws_iam_role",
      "name": "cluster",
      "provider": "provider[\"registry.terraform.io/hashicorp/aws\"]",
      "instances": [
        {
          "index_key": 0,
          "schema_version": 0,
          "attributes": {
            "arn": "arn:aws:iam::748880526031:role/puneet-eks-b3zREmpT20210827235657491300000002",
            "assume_role_policy": "{\"Version\":\"2012-10-17\",\"Statement\":[{\"Sid\":\"EKSClusterAssumeRole\",\"Effect\":\"Allow\",\"Principal\":{\"Service\":\"eks.amazonaws.com\"},\"Action\":\"sts:AssumeRole\"}]}",
            "create_date": "2021-08-27T23:56:57Z",
            "description": "",
            "force_detach_policies": true,
            "id": "puneet-eks-b3zREmpT20210827235657491300000002",
            "inline_policy": [
              {
                "name": "",
                "policy": ""
              }
            ],
            "managed_policy_arns": [],
            "max_session_duration": 3600,
            "name": "puneet-eks-b3zREmpT20210827235657491300000002",
            "name_prefix": "puneet-eks-b3zREmpT",
            "path": "/",
            "permissions_boundary": null,
            "tags": {
              "Environment": "training",
              "GithubOrg": "terraform-aws-modules",
              "GithubRepo": "terraform-aws-eks"
            },
            "tags_all": {
              "Environment": "training",
              "GithubOrg": "terraform-aws-modules",
              "GithubRepo": "terraform-aws-eks"
            },
            "unique_id": "AROA24XGB7LH6APMWDNIQ"
          },
          "sensitive_attributes": [],
          "private": "bnVsbA==",
          "dependencies": [
            "module.eks.data.aws_iam_policy_document.cluster_assume_role_policy",
            "random_string.suffix"
          ],
          "create_before_destroy": true
        }
      ]
    },
    {
      "module": "module.eks",
      "mode": "managed",
      "type": "aws_iam_role",
      "name": "workers",
      "provider": "provider[\"registry.terraform.io/hashicorp/aws\"]",
      "instances": [
        {
          "index_key": 0,
          "schema_version": 0,
          "attributes": {
            "arn": "arn:aws:iam::748880526031:role/puneet-eks-b3zREmpT2021082800102115470000000c",
            "assume_role_policy": "{\"Version\":\"2012-10-17\",\"Statement\":[{\"Sid\":\"EKSWorkerAssumeRole\",\"Effect\":\"Allow\",\"Principal\":{\"Service\":\"ec2.amazonaws.com\"},\"Action\":\"sts:AssumeRole\"}]}",
            "create_date": "2021-08-28T00:10:21Z",
            "description": "",
            "force_detach_policies": true,
            "id": "puneet-eks-b3zREmpT2021082800102115470000000c",
            "inline_policy": [
              {
                "name": "",
                "policy": ""
              }
            ],
            "managed_policy_arns": [],
            "max_session_duration": 3600,
            "name": "puneet-eks-b3zREmpT2021082800102115470000000c",
            "name_prefix": "puneet-eks-b3zREmpT",
            "path": "/",
            "permissions_boundary": null,
            "tags": {
              "Environment": "training",
              "GithubOrg": "terraform-aws-modules",
              "GithubRepo": "terraform-aws-eks"
            },
            "tags_all": {
              "Environment": "training",
              "GithubOrg": "terraform-aws-modules",
              "GithubRepo": "terraform-aws-eks"
            },
            "unique_id": "AROA24XGB7LH6P5TZFJVB"
          },
          "sensitive_attributes": [],
          "private": "bnVsbA==",
          "dependencies": [
            "data.aws_availability_zones.available",
            "module.eks.aws_cloudwatch_log_group.this",
            "module.eks.aws_eks_cluster.this",
            "module.eks.aws_iam_role.cluster",
            "module.eks.aws_iam_role_policy_attachment.cluster_AmazonEKSClusterPolicy",
            "module.eks.aws_iam_role_policy_attachment.cluster_AmazonEKSServicePolicy",
            "module.eks.aws_iam_role_policy_attachment.cluster_AmazonEKSVPCResourceControllerPolicy",
            "module.eks.aws_security_group.cluster",
            "module.eks.aws_security_group.workers",
            "module.eks.aws_security_group_rule.cluster_egress_internet",
            "module.eks.aws_security_group_rule.cluster_https_worker_ingress",
            "module.eks.data.aws_iam_policy_document.cluster_assume_role_policy",
            "module.eks.data.aws_iam_policy_document.workers_assume_role_policy",
            "module.eks.data.aws_iam_role.custom_cluster_iam_role",
            "module.eks.data.aws_partition.current",
            "module.vpc.aws_subnet.private",
            "module.vpc.aws_vpc.this",
            "module.vpc.aws_vpc_ipv4_cidr_block_association.this",
            "random_string.suffix"
          ],
          "create_before_destroy": true
        }
      ]
    },
    {
      "module": "module.eks",
      "mode": "managed",
      "type": "aws_iam_role_policy_attachment",
      "name": "cluster_AmazonEKSClusterPolicy",
      "provider": "provider[\"registry.terraform.io/hashicorp/aws\"]",
      "instances": [
        {
          "index_key": 0,
          "schema_version": 0,
          "attributes": {
            "id": "puneet-eks-b3zREmpT20210827235657491300000002-20210827235657954500000005",
            "policy_arn": "arn:aws:iam::aws:policy/AmazonEKSClusterPolicy",
            "role": "puneet-eks-b3zREmpT20210827235657491300000002"
          },
          "sensitive_attributes": [],
          "private": "bnVsbA==",
          "dependencies": [
            "module.eks.aws_iam_role.cluster",
            "module.eks.data.aws_iam_policy_document.cluster_assume_role_policy",
            "module.eks.data.aws_partition.current",
            "random_string.suffix"
          ],
          "create_before_destroy": true
        }
      ]
    },
    {
      "module": "module.eks",
      "mode": "managed",
      "type": "aws_iam_role_policy_attachment",
      "name": "cluster_AmazonEKSServicePolicy",
      "provider": "provider[\"registry.terraform.io/hashicorp/aws\"]",
      "instances": [
        {
          "index_key": 0,
          "schema_version": 0,
          "attributes": {
            "id": "puneet-eks-b3zREmpT20210827235657491300000002-20210827235657956500000006",
            "policy_arn": "arn:aws:iam::aws:policy/AmazonEKSServicePolicy",
            "role": "puneet-eks-b3zREmpT20210827235657491300000002"
          },
          "sensitive_attributes": [],
          "private": "bnVsbA==",
          "dependencies": [
            "module.eks.aws_iam_role.cluster",
            "module.eks.data.aws_iam_policy_document.cluster_assume_role_policy",
            "module.eks.data.aws_partition.current",
            "random_string.suffix"
          ],
          "create_before_destroy": true
        }
      ]
    },
    {
      "module": "module.eks",
      "mode": "managed",
      "type": "aws_iam_role_policy_attachment",
      "name": "cluster_AmazonEKSVPCResourceControllerPolicy",
      "provider": "provider[\"registry.terraform.io/hashicorp/aws\"]",
      "instances": [
        {
          "index_key": 0,
          "schema_version": 0,
          "attributes": {
            "id": "puneet-eks-b3zREmpT20210827235657491300000002-20210827235657947500000003",
            "policy_arn": "arn:aws:iam::aws:policy/AmazonEKSVPCResourceController",
            "role": "puneet-eks-b3zREmpT20210827235657491300000002"
          },
          "sensitive_attributes": [],
          "private": "bnVsbA==",
          "dependencies": [
            "module.eks.aws_iam_role.cluster",
            "module.eks.data.aws_iam_policy_document.cluster_assume_role_policy",
            "module.eks.data.aws_partition.current",
            "random_string.suffix"
          ],
          "create_before_destroy": true
        }
      ]
    },
    {
      "module": "module.eks",
      "mode": "managed",
      "type": "aws_iam_role_policy_attachment",
      "name": "cluster_elb_sl_role_creation",
      "provider": "provider[\"registry.terraform.io/hashicorp/aws\"]",
      "instances": [
        {
          "index_key": 0,
          "schema_version": 0,
          "attributes": {
            "id": "puneet-eks-b3zREmpT20210827235657491300000002-20210827235657953500000004",
            "policy_arn": "arn:aws:iam::748880526031:policy/puneet-eks-b3zREmpT-elb-sl-role-creation20210827235657487800000001",
            "role": "puneet-eks-b3zREmpT20210827235657491300000002"
          },
          "sensitive_attributes": [],
          "private": "bnVsbA==",
          "dependencies": [
            "module.eks.aws_iam_policy.cluster_elb_sl_role_creation",
            "module.eks.aws_iam_role.cluster",
            "module.eks.data.aws_iam_policy_document.cluster_assume_role_policy",
            "module.eks.data.aws_iam_policy_document.cluster_elb_sl_role_creation",
            "random_string.suffix"
          ]
        }
      ]
    },
    {
      "module": "module.eks",
      "mode": "managed",
      "type": "aws_iam_role_policy_attachment",
      "name": "workers_AmazonEC2ContainerRegistryReadOnly",
      "provider": "provider[\"registry.terraform.io/hashicorp/aws\"]",
      "instances": [
        {
          "index_key": 0,
          "schema_version": 0,
          "attributes": {
            "id": "puneet-eks-b3zREmpT2021082800102115470000000c-2021082800102182970000000f",
            "policy_arn": "arn:aws:iam::aws:policy/AmazonEC2ContainerRegistryReadOnly",
            "role": "puneet-eks-b3zREmpT2021082800102115470000000c"
          },
          "sensitive_attributes": [],
          "private": "bnVsbA==",
          "dependencies": [
            "data.aws_availability_zones.available",
            "module.eks.aws_cloudwatch_log_group.this",
            "module.eks.aws_eks_cluster.this",
            "module.eks.aws_iam_role.cluster",
            "module.eks.aws_iam_role.workers",
            "module.eks.aws_iam_role_policy_attachment.cluster_AmazonEKSClusterPolicy",
            "module.eks.aws_iam_role_policy_attachment.cluster_AmazonEKSServicePolicy",
            "module.eks.aws_iam_role_policy_attachment.cluster_AmazonEKSVPCResourceControllerPolicy",
            "module.eks.aws_security_group.cluster",
            "module.eks.aws_security_group.workers",
            "module.eks.aws_security_group_rule.cluster_egress_internet",
            "module.eks.aws_security_group_rule.cluster_https_worker_ingress",
            "module.eks.data.aws_iam_policy_document.cluster_assume_role_policy",
            "module.eks.data.aws_iam_policy_document.workers_assume_role_policy",
            "module.eks.data.aws_iam_role.custom_cluster_iam_role",
            "module.eks.data.aws_partition.current",
            "module.vpc.aws_subnet.private",
            "module.vpc.aws_vpc.this",
            "module.vpc.aws_vpc_ipv4_cidr_block_association.this",
            "random_string.suffix"
          ],
          "create_before_destroy": true
        }
      ]
    },
    {
      "module": "module.eks",
      "mode": "managed",
      "type": "aws_iam_role_policy_attachment",
      "name": "workers_AmazonEKSWorkerNodePolicy",
      "provider": "provider[\"registry.terraform.io/hashicorp/aws\"]",
      "instances": [
        {
          "index_key": 0,
          "schema_version": 0,
          "attributes": {
            "id": "puneet-eks-b3zREmpT2021082800102115470000000c-20210828001021841600000011",
            "policy_arn": "arn:aws:iam::aws:policy/AmazonEKSWorkerNodePolicy",
            "role": "puneet-eks-b3zREmpT2021082800102115470000000c"
          },
          "sensitive_attributes": [],
          "private": "bnVsbA==",
          "dependencies": [
            "data.aws_availability_zones.available",
            "module.eks.aws_cloudwatch_log_group.this",
            "module.eks.aws_eks_cluster.this",
            "module.eks.aws_iam_role.cluster",
            "module.eks.aws_iam_role.workers",
            "module.eks.aws_iam_role_policy_attachment.cluster_AmazonEKSClusterPolicy",
            "module.eks.aws_iam_role_policy_attachment.cluster_AmazonEKSServicePolicy",
            "module.eks.aws_iam_role_policy_attachment.cluster_AmazonEKSVPCResourceControllerPolicy",
            "module.eks.aws_security_group.cluster",
            "module.eks.aws_security_group.workers",
            "module.eks.aws_security_group_rule.cluster_egress_internet",
            "module.eks.aws_security_group_rule.cluster_https_worker_ingress",
            "module.eks.data.aws_iam_policy_document.cluster_assume_role_policy",
            "module.eks.data.aws_iam_policy_document.workers_assume_role_policy",
            "module.eks.data.aws_iam_role.custom_cluster_iam_role",
            "module.eks.data.aws_partition.current",
            "module.vpc.aws_subnet.private",
            "module.vpc.aws_vpc.this",
            "module.vpc.aws_vpc_ipv4_cidr_block_association.this",
            "random_string.suffix"
          ],
          "create_before_destroy": true
        }
      ]
    },
    {
      "module": "module.eks",
      "mode": "managed",
      "type": "aws_iam_role_policy_attachment",
      "name": "workers_AmazonEKS_CNI_Policy",
      "provider": "provider[\"registry.terraform.io/hashicorp/aws\"]",
      "instances": [
        {
          "index_key": 0,
          "schema_version": 0,
          "attributes": {
            "id": "puneet-eks-b3zREmpT2021082800102115470000000c-20210828001021831300000010",
            "policy_arn": "arn:aws:iam::aws:policy/AmazonEKS_CNI_Policy",
            "role": "puneet-eks-b3zREmpT2021082800102115470000000c"
          },
          "sensitive_attributes": [],
          "private": "bnVsbA==",
          "dependencies": [
            "data.aws_availability_zones.available",
            "module.eks.aws_cloudwatch_log_group.this",
            "module.eks.aws_eks_cluster.this",
            "module.eks.aws_iam_role.cluster",
            "module.eks.aws_iam_role.workers",
            "module.eks.aws_iam_role_policy_attachment.cluster_AmazonEKSClusterPolicy",
            "module.eks.aws_iam_role_policy_attachment.cluster_AmazonEKSServicePolicy",
            "module.eks.aws_iam_role_policy_attachment.cluster_AmazonEKSVPCResourceControllerPolicy",
            "module.eks.aws_security_group.cluster",
            "module.eks.aws_security_group.workers",
            "module.eks.aws_security_group_rule.cluster_egress_internet",
            "module.eks.aws_security_group_rule.cluster_https_worker_ingress",
            "module.eks.data.aws_iam_policy_document.cluster_assume_role_policy",
            "module.eks.data.aws_iam_policy_document.workers_assume_role_policy",
            "module.eks.data.aws_iam_role.custom_cluster_iam_role",
            "module.eks.data.aws_partition.current",
            "module.vpc.aws_subnet.private",
            "module.vpc.aws_vpc.this",
            "module.vpc.aws_vpc_ipv4_cidr_block_association.this",
            "random_string.suffix"
          ],
          "create_before_destroy": true
        }
      ]
    },
    {
      "module": "module.eks",
      "mode": "managed",
      "type": "aws_launch_configuration",
      "name": "workers",
      "provider": "provider[\"registry.terraform.io/hashicorp/aws\"]",
      "instances": [
        {
          "index_key": 0,
          "schema_version": 0,
          "attributes": {
            "arn": "arn:aws:autoscaling:us-east-1:748880526031:launchConfiguration:252164da-369c-4ac0-86b9-b85cbad2296f:launchConfigurationName/puneet-eks-b3zREmpT-worker-group-120210828001022132300000012",
            "associate_public_ip_address": false,
            "ebs_block_device": [],
            "ebs_optimized": true,
            "enable_monitoring": true,
            "ephemeral_block_device": [],
            "iam_instance_profile": "puneet-eks-b3zREmpT2021082800102173330000000e",
            "id": "puneet-eks-b3zREmpT-worker-group-120210828001022132300000012",
            "image_id": "ami-0a367f0faf6faf833",
            "instance_type": "t3.small",
            "key_name": "",
            "metadata_options": [
              {
                "http_endpoint": "enabled",
                "http_put_response_hop_limit": 1,
                "http_tokens": "optional"
              }
            ],
            "name": "puneet-eks-b3zREmpT-worker-group-120210828001022132300000012",
            "name_prefix": "puneet-eks-b3zREmpT-worker-group-1",
            "placement_tenancy": "",
            "root_block_device": [
              {
                "delete_on_termination": true,
                "encrypted": false,
                "iops": 0,
                "throughput": 0,
                "volume_size": 100,
                "volume_type": "gp2"
              }
            ],
            "security_groups": [
              "sg-073d44e7a7bc4a39e",
              "sg-0b63997064a973617"
            ],
            "spot_price": "",
            "user_data": null,
            "user_data_base64": "IyEvYmluL2Jhc2ggLWUKCiMgQWxsb3cgdXNlciBzdXBwbGllZCBwcmUgdXNlcmRhdGEgY29kZQoKCiMgQm9vdHN0cmFwIGFuZCBqb2luIHRoZSBjbHVzdGVyCi9ldGMvZWtzL2Jvb3RzdHJhcC5zaCAtLWI2NC1jbHVzdGVyLWNhICdMUzB0TFMxQ1JVZEpUaUJEUlZKVVNVWkpRMEZVUlMwdExTMHRDazFKU1VNMWVrTkRRV01yWjBGM1NVSkJaMGxDUVVSQlRrSm5hM0ZvYTJsSE9YY3dRa0ZSYzBaQlJFRldUVkpOZDBWUldVUldVVkZFUlhkd2NtUlhTbXdLWTIwMWJHUkhWbnBOUWpSWVJGUkplRTFFWjNsUFJFRjNUVVJWZDA5R2IxaEVWRTE0VFVSbmVVNXFRWGROUkZWM1QwWnZkMFpVUlZSTlFrVkhRVEZWUlFwQmVFMUxZVE5XYVZwWVNuVmFXRkpzWTNwRFEwRlRTWGRFVVZsS1MyOWFTV2gyWTA1QlVVVkNRbEZCUkdkblJWQkJSRU5EUVZGdlEyZG5SVUpCU2pSUUNtaERiaXRUZGpkNmNHZEZZVlYyVFRCek5HUk5lakpvTXprd2JFVkVaRzFTTjNOUWN6VjZSWGRtVDBST1UwNXJOVXBhVkhkdlZXNDJLMmxDVVRSVVdHY0tSWFFyT0dRM056UTBUME55WXpSeFpTOVlVemxqZW5kbGRISjFRWGxGZDBSeGNGbFNiMWc0YTJORWJVeGhjRWhWYVZkbWRISkRiemhUZVVkV01EUlFOd28zTTNnelltcDJOSEpxWVZKNmRtUnFiR2xMYlU1RVJqQnRaWE5qVUhKUk5FSTVkblpWZUV4WmMzaElVVmhGZEdrd2FIRTNLMGd2Y0ZsbGVUTXhVVmxIQ2pSNFpHMVpaMGhKUkhsNlNVUnpjblZHVG5SblUwZDRZemN4VkdkUlQxRnFaM1ZxYldjclJucDNVV1J0Y3paWmFFaHFjRlU0Wld0c1ltOUlUSGt3TWxjS1ZEVndiMmN4VWs1cFprWk9ZbUpJYVVkcE1VbzBhMjFXUjNsaEx6aHVXRGcwTTJFM2VFODBka2w0V1VGbGJISmFNV1JPSzNCMGVreEJhVnBzVW14bVJnbzFVRnA1WmxWQk5scHNiVmhQVG1oTGRrVnJRMEYzUlVGQllVNURUVVZCZDBSbldVUldVakJRUVZGSUwwSkJVVVJCWjB0clRVRTRSMEV4VldSRmQwVkNDaTkzVVVaTlFVMUNRV1k0ZDBoUldVUldVakJQUWtKWlJVWkRTRE5QT0Rob1Z5c3pPVFp0VmpRMllVZHVWbmhWVmtrNE9VeE5RVEJIUTFOeFIxTkpZak1LUkZGRlFrTjNWVUZCTkVsQ1FWRkJWMjFqUWpKMlYzZ3hka3gzVUVndmRtSTRkREpSTkZKa1lrUk1NRXRLU3pKV2JXazFWMDFDZEhCM1pVWk9PVFJhZHdwcU5HZEtTMEpuYjNSa05FTlVkRFpIZW13d05UTXlZME5ZYUVjMGJGa3pUVkZtT1VGQlRsZ3pjMU0yV1VvNFZHSkVNRE5IU0ZWSFkwcDNWVzVOYW5rMUNtWkVkRmx4V0VWdFp6TmphbUV5ZVhvNGVqZHdUekZWV25vek5URTNaa3hwTTA1dmVXNTFZM1ZxWjFBMmIyUkViSHBLZWpoQmMzRlBjRGQzTldGVVIwZ0thak5NVDJjd1VrcFBhRkpqUmpCYVZ5OVBVVGRvWWt0UU5FcFpMMHRNVjNSU1FYZFVlbk5UTTFCUGIwZGFOMWxpV0U1TlVHRjRVV055WW5CU1YzcFpkd3BPVEZSVFMxRldSRlZXUjBkWE5IZHRRM0FyTWtOaGEzZEZRVlpNUWpaNFRFRlJUbEZ2WjJocU0xWlNPQzlYY1RZNWRFdHFjREZZU25sVVVHWmpVRXRrQ2k4elIxRlVkR0pvY0hVd2N6aG5ZVmQyYW1scmNuVkdaU3RXYmxaR01VNWFRemRYYkFvdExTMHRMVVZPUkNCRFJWSlVTVVpKUTBGVVJTMHRMUzB0Q2c9PScgLS1hcGlzZXJ2ZXItZW5kcG9pbnQgJ2h0dHBzOi8vRDQwMzI0REI1REI3QjNBN0E0MTQ3OEIyQ0ZFRTg2RjYuZ3I3LnVzLWVhc3QtMS5la3MuYW1hem9uYXdzLmNvbScgIC0ta3ViZWxldC1leHRyYS1hcmdzICIiICdwdW5lZXQtZWtzLWIzelJFbXBUJwoKIyBBbGxvdyB1c2VyIHN1cHBsaWVkIHVzZXJkYXRhIGNvZGUKZWNobyBmb28gYmFyCg==",
            "vpc_classic_link_id": "",
            "vpc_classic_link_security_groups": null
          },
          "sensitive_attributes": [],
          "private": "bnVsbA==",
          "dependencies": [
            "aws_security_group.worker_group_mgmt_one",
            "aws_security_group.worker_group_mgmt_two",
            "data.aws_availability_zones.available",
            "module.eks.aws_cloudwatch_log_group.this",
            "module.eks.aws_eks_cluster.this",
            "module.eks.aws_iam_instance_profile.workers",
            "module.eks.aws_iam_role.cluster",
            "module.eks.aws_iam_role.workers",
            "module.eks.aws_iam_role_policy_attachment.cluster_AmazonEKSClusterPolicy",
            "module.eks.aws_iam_role_policy_attachment.cluster_AmazonEKSServicePolicy",
            "module.eks.aws_iam_role_policy_attachment.cluster_AmazonEKSVPCResourceControllerPolicy",
            "module.eks.aws_iam_role_policy_attachment.workers_AmazonEC2ContainerRegistryReadOnly",
            "module.eks.aws_iam_role_policy_attachment.workers_AmazonEKSWorkerNodePolicy",
            "module.eks.aws_iam_role_policy_attachment.workers_AmazonEKS_CNI_Policy",
            "module.eks.aws_iam_role_policy_attachment.workers_additional_policies",
            "module.eks.aws_security_group.cluster",
            "module.eks.aws_security_group.workers",
            "module.eks.aws_security_group_rule.cluster_egress_internet",
            "module.eks.aws_security_group_rule.cluster_https_worker_ingress",
            "module.eks.aws_security_group_rule.cluster_primary_ingress_workers",
            "module.eks.aws_security_group_rule.workers_egress_internet",
            "module.eks.aws_security_group_rule.workers_ingress_cluster",
            "module.eks.aws_security_group_rule.workers_ingress_cluster_https",
            "module.eks.aws_security_group_rule.workers_ingress_cluster_kubelet",
            "module.eks.aws_security_group_rule.workers_ingress_cluster_primary",
            "module.eks.aws_security_group_rule.workers_ingress_self",
            "module.eks.data.aws_ami.eks_worker",
            "module.eks.data.aws_ami.eks_worker_windows",
            "module.eks.data.aws_iam_instance_profile.custom_worker_group_iam_instance_profile",
            "module.eks.data.aws_iam_policy_document.cluster_assume_role_policy",
            "module.eks.data.aws_iam_policy_document.workers_assume_role_policy",
            "module.eks.data.aws_iam_role.custom_cluster_iam_role",
            "module.eks.data.aws_partition.current",
            "module.vpc.aws_subnet.private",
            "module.vpc.aws_vpc.this",
            "module.vpc.aws_vpc_ipv4_cidr_block_association.this",
            "random_string.suffix"
          ],
          "create_before_destroy": true
        },
        {
          "index_key": 1,
          "schema_version": 0,
          "attributes": {
            "arn": "arn:aws:autoscaling:us-east-1:748880526031:launchConfiguration:a90e61b4-8548-4f3b-ac3a-77d1765e889d:launchConfigurationName/puneet-eks-b3zREmpT-worker-group-220210828001022136500000013",
            "associate_public_ip_address": false,
            "ebs_block_device": [],
            "ebs_optimized": true,
            "enable_monitoring": true,
            "ephemeral_block_device": [],
            "iam_instance_profile": "puneet-eks-b3zREmpT2021082800102173210000000d",
            "id": "puneet-eks-b3zREmpT-worker-group-220210828001022136500000013",
            "image_id": "ami-0a367f0faf6faf833",
            "instance_type": "t3.medium",
            "key_name": "",
            "metadata_options": [
              {
                "http_endpoint": "enabled",
                "http_put_response_hop_limit": 1,
                "http_tokens": "optional"
              }
            ],
            "name": "puneet-eks-b3zREmpT-worker-group-220210828001022136500000013",
            "name_prefix": "puneet-eks-b3zREmpT-worker-group-2",
            "placement_tenancy": "",
            "root_block_device": [
              {
                "delete_on_termination": true,
                "encrypted": false,
                "iops": 0,
                "throughput": 0,
                "volume_size": 100,
                "volume_type": "gp2"
              }
            ],
            "security_groups": [
              "sg-073d44e7a7bc4a39e",
              "sg-0ea0bcc01b3f6e25f"
            ],
            "spot_price": "",
            "user_data": null,
            "user_data_base64": "IyEvYmluL2Jhc2ggLWUKCiMgQWxsb3cgdXNlciBzdXBwbGllZCBwcmUgdXNlcmRhdGEgY29kZQoKCiMgQm9vdHN0cmFwIGFuZCBqb2luIHRoZSBjbHVzdGVyCi9ldGMvZWtzL2Jvb3RzdHJhcC5zaCAtLWI2NC1jbHVzdGVyLWNhICdMUzB0TFMxQ1JVZEpUaUJEUlZKVVNVWkpRMEZVUlMwdExTMHRDazFKU1VNMWVrTkRRV01yWjBGM1NVSkJaMGxDUVVSQlRrSm5hM0ZvYTJsSE9YY3dRa0ZSYzBaQlJFRldUVkpOZDBWUldVUldVVkZFUlhkd2NtUlhTbXdLWTIwMWJHUkhWbnBOUWpSWVJGUkplRTFFWjNsUFJFRjNUVVJWZDA5R2IxaEVWRTE0VFVSbmVVNXFRWGROUkZWM1QwWnZkMFpVUlZSTlFrVkhRVEZWUlFwQmVFMUxZVE5XYVZwWVNuVmFXRkpzWTNwRFEwRlRTWGRFVVZsS1MyOWFTV2gyWTA1QlVVVkNRbEZCUkdkblJWQkJSRU5EUVZGdlEyZG5SVUpCU2pSUUNtaERiaXRUZGpkNmNHZEZZVlYyVFRCek5HUk5lakpvTXprd2JFVkVaRzFTTjNOUWN6VjZSWGRtVDBST1UwNXJOVXBhVkhkdlZXNDJLMmxDVVRSVVdHY0tSWFFyT0dRM056UTBUME55WXpSeFpTOVlVemxqZW5kbGRISjFRWGxGZDBSeGNGbFNiMWc0YTJORWJVeGhjRWhWYVZkbWRISkRiemhUZVVkV01EUlFOd28zTTNnelltcDJOSEpxWVZKNmRtUnFiR2xMYlU1RVJqQnRaWE5qVUhKUk5FSTVkblpWZUV4WmMzaElVVmhGZEdrd2FIRTNLMGd2Y0ZsbGVUTXhVVmxIQ2pSNFpHMVpaMGhKUkhsNlNVUnpjblZHVG5SblUwZDRZemN4VkdkUlQxRnFaM1ZxYldjclJucDNVV1J0Y3paWmFFaHFjRlU0Wld0c1ltOUlUSGt3TWxjS1ZEVndiMmN4VWs1cFprWk9ZbUpJYVVkcE1VbzBhMjFXUjNsaEx6aHVXRGcwTTJFM2VFODBka2w0V1VGbGJISmFNV1JPSzNCMGVreEJhVnBzVW14bVJnbzFVRnA1WmxWQk5scHNiVmhQVG1oTGRrVnJRMEYzUlVGQllVNURUVVZCZDBSbldVUldVakJRUVZGSUwwSkJVVVJCWjB0clRVRTRSMEV4VldSRmQwVkNDaTkzVVVaTlFVMUNRV1k0ZDBoUldVUldVakJQUWtKWlJVWkRTRE5QT0Rob1Z5c3pPVFp0VmpRMllVZHVWbmhWVmtrNE9VeE5RVEJIUTFOeFIxTkpZak1LUkZGRlFrTjNWVUZCTkVsQ1FWRkJWMjFqUWpKMlYzZ3hka3gzVUVndmRtSTRkREpSTkZKa1lrUk1NRXRLU3pKV2JXazFWMDFDZEhCM1pVWk9PVFJhZHdwcU5HZEtTMEpuYjNSa05FTlVkRFpIZW13d05UTXlZME5ZYUVjMGJGa3pUVkZtT1VGQlRsZ3pjMU0yV1VvNFZHSkVNRE5IU0ZWSFkwcDNWVzVOYW5rMUNtWkVkRmx4V0VWdFp6TmphbUV5ZVhvNGVqZHdUekZWV25vek5URTNaa3hwTTA1dmVXNTFZM1ZxWjFBMmIyUkViSHBLZWpoQmMzRlBjRGQzTldGVVIwZ0thak5NVDJjd1VrcFBhRkpqUmpCYVZ5OVBVVGRvWWt0UU5FcFpMMHRNVjNSU1FYZFVlbk5UTTFCUGIwZGFOMWxpV0U1TlVHRjRVV055WW5CU1YzcFpkd3BPVEZSVFMxRldSRlZXUjBkWE5IZHRRM0FyTWtOaGEzZEZRVlpNUWpaNFRFRlJUbEZ2WjJocU0xWlNPQzlYY1RZNWRFdHFjREZZU25sVVVHWmpVRXRrQ2k4elIxRlVkR0pvY0hVd2N6aG5ZVmQyYW1scmNuVkdaU3RXYmxaR01VNWFRemRYYkFvdExTMHRMVVZPUkNCRFJWSlVTVVpKUTBGVVJTMHRMUzB0Q2c9PScgLS1hcGlzZXJ2ZXItZW5kcG9pbnQgJ2h0dHBzOi8vRDQwMzI0REI1REI3QjNBN0E0MTQ3OEIyQ0ZFRTg2RjYuZ3I3LnVzLWVhc3QtMS5la3MuYW1hem9uYXdzLmNvbScgIC0ta3ViZWxldC1leHRyYS1hcmdzICIiICdwdW5lZXQtZWtzLWIzelJFbXBUJwoKIyBBbGxvdyB1c2VyIHN1cHBsaWVkIHVzZXJkYXRhIGNvZGUKZWNobyBmb28gYmFyCg==",
            "vpc_classic_link_id": "",
            "vpc_classic_link_security_groups": null
          },
          "sensitive_attributes": [],
          "private": "bnVsbA==",
          "dependencies": [
            "aws_security_group.worker_group_mgmt_one",
            "aws_security_group.worker_group_mgmt_two",
            "data.aws_availability_zones.available",
            "module.eks.aws_cloudwatch_log_group.this",
            "module.eks.aws_eks_cluster.this",
            "module.eks.aws_iam_instance_profile.workers",
            "module.eks.aws_iam_role.cluster",
            "module.eks.aws_iam_role.workers",
            "module.eks.aws_iam_role_policy_attachment.cluster_AmazonEKSClusterPolicy",
            "module.eks.aws_iam_role_policy_attachment.cluster_AmazonEKSServicePolicy",
            "module.eks.aws_iam_role_policy_attachment.cluster_AmazonEKSVPCResourceControllerPolicy",
            "module.eks.aws_iam_role_policy_attachment.workers_AmazonEC2ContainerRegistryReadOnly",
            "module.eks.aws_iam_role_policy_attachment.workers_AmazonEKSWorkerNodePolicy",
            "module.eks.aws_iam_role_policy_attachment.workers_AmazonEKS_CNI_Policy",
            "module.eks.aws_iam_role_policy_attachment.workers_additional_policies",
            "module.eks.aws_security_group.cluster",
            "module.eks.aws_security_group.workers",
            "module.eks.aws_security_group_rule.cluster_egress_internet",
            "module.eks.aws_security_group_rule.cluster_https_worker_ingress",
            "module.eks.aws_security_group_rule.cluster_primary_ingress_workers",
            "module.eks.aws_security_group_rule.workers_egress_internet",
            "module.eks.aws_security_group_rule.workers_ingress_cluster",
            "module.eks.aws_security_group_rule.workers_ingress_cluster_https",
            "module.eks.aws_security_group_rule.workers_ingress_cluster_kubelet",
            "module.eks.aws_security_group_rule.workers_ingress_cluster_primary",
            "module.eks.aws_security_group_rule.workers_ingress_self",
            "module.eks.data.aws_ami.eks_worker",
            "module.eks.data.aws_ami.eks_worker_windows",
            "module.eks.data.aws_iam_instance_profile.custom_worker_group_iam_instance_profile",
            "module.eks.data.aws_iam_policy_document.cluster_assume_role_policy",
            "module.eks.data.aws_iam_policy_document.workers_assume_role_policy",
            "module.eks.data.aws_iam_role.custom_cluster_iam_role",
            "module.eks.data.aws_partition.current",
            "module.vpc.aws_subnet.private",
            "module.vpc.aws_vpc.this",
            "module.vpc.aws_vpc_ipv4_cidr_block_association.this",
            "random_string.suffix"
          ],
          "create_before_destroy": true
        }
      ]
    },
    {
      "module": "module.eks",
      "mode": "managed",
      "type": "aws_security_group",
      "name": "cluster",
      "provider": "provider[\"registry.terraform.io/hashicorp/aws\"]",
      "instances": [
        {
          "index_key": 0,
          "schema_version": 1,
          "attributes": {
            "arn": "arn:aws:ec2:us-east-1:748880526031:security-group/sg-0ca84f932501b7243",
            "description": "EKS cluster security group.",
            "egress": [],
            "id": "sg-0ca84f932501b7243",
            "ingress": [],
            "name": "puneet-eks-b3zREmpT20210827235709669600000008",
            "name_prefix": "puneet-eks-b3zREmpT",
            "owner_id": "748880526031",
            "revoke_rules_on_delete": false,
            "tags": {
              "Environment": "training",
              "GithubOrg": "terraform-aws-modules",
              "GithubRepo": "terraform-aws-eks",
              "Name": "puneet-eks-b3zREmpT-eks_cluster_sg"
            },
            "tags_all": {
              "Environment": "training",
              "GithubOrg": "terraform-aws-modules",
              "GithubRepo": "terraform-aws-eks",
              "Name": "puneet-eks-b3zREmpT-eks_cluster_sg"
            },
            "timeouts": null,
            "vpc_id": "vpc-082a0e3d2d8773887"
          },
          "sensitive_attributes": [],
          "private": "eyJlMmJmYjczMC1lY2FhLTExZTYtOGY4OC0zNDM2M2JjN2M0YzAiOnsiY3JlYXRlIjo2MDAwMDAwMDAwMDAsImRlbGV0ZSI6OTAwMDAwMDAwMDAwfSwic2NoZW1hX3ZlcnNpb24iOiIxIn0=",
          "dependencies": [
            "module.vpc.aws_vpc.this",
            "random_string.suffix"
          ],
          "create_before_destroy": true
        }
      ]
    },
    {
      "module": "module.eks",
      "mode": "managed",
      "type": "aws_security_group",
      "name": "workers",
      "provider": "provider[\"registry.terraform.io/hashicorp/aws\"]",
      "instances": [
        {
          "index_key": 0,
          "schema_version": 1,
          "attributes": {
            "arn": "arn:aws:ec2:us-east-1:748880526031:security-group/sg-073d44e7a7bc4a39e",
            "description": "Security group for all nodes in the cluster.",
            "egress": [],
            "id": "sg-073d44e7a7bc4a39e",
            "ingress": [],
            "name": "puneet-eks-b3zREmpT20210827235709652400000007",
            "name_prefix": "puneet-eks-b3zREmpT",
            "owner_id": "748880526031",
            "revoke_rules_on_delete": false,
            "tags": {
              "Environment": "training",
              "GithubOrg": "terraform-aws-modules",
              "GithubRepo": "terraform-aws-eks",
              "Name": "puneet-eks-b3zREmpT-eks_worker_sg",
              "kubernetes.io/cluster/puneet-eks-b3zREmpT": "owned"
            },
            "tags_all": {
              "Environment": "training",
              "GithubOrg": "terraform-aws-modules",
              "GithubRepo": "terraform-aws-eks",
              "Name": "puneet-eks-b3zREmpT-eks_worker_sg",
              "kubernetes.io/cluster/puneet-eks-b3zREmpT": "owned"
            },
            "timeouts": null,
            "vpc_id": "vpc-082a0e3d2d8773887"
          },
          "sensitive_attributes": [],
          "private": "eyJlMmJmYjczMC1lY2FhLTExZTYtOGY4OC0zNDM2M2JjN2M0YzAiOnsiY3JlYXRlIjo2MDAwMDAwMDAwMDAsImRlbGV0ZSI6OTAwMDAwMDAwMDAwfSwic2NoZW1hX3ZlcnNpb24iOiIxIn0=",
          "dependencies": [
            "module.vpc.aws_vpc.this",
            "random_string.suffix"
          ],
          "create_before_destroy": true
        }
      ]
    },
    {
      "module": "module.eks",
      "mode": "managed",
      "type": "aws_security_group_rule",
      "name": "cluster_egress_internet",
      "provider": "provider[\"registry.terraform.io/hashicorp/aws\"]",
      "instances": [
        {
          "index_key": 0,
          "schema_version": 2,
          "attributes": {
            "cidr_blocks": [
              "0.0.0.0/0"
            ],
            "description": "Allow cluster egress access to the Internet.",
            "from_port": 0,
            "id": "sgrule-3499430707",
            "ipv6_cidr_blocks": null,
            "prefix_list_ids": null,
            "protocol": "-1",
            "security_group_id": "sg-0ca84f932501b7243",
            "self": false,
            "source_security_group_id": null,
            "to_port": 0,
            "type": "egress"
          },
          "sensitive_attributes": [],
          "private": "eyJzY2hlbWFfdmVyc2lvbiI6IjIifQ==",
          "dependencies": [
            "module.eks.aws_security_group.cluster",
            "module.vpc.aws_vpc.this",
            "random_string.suffix"
          ],
          "create_before_destroy": true
        }
      ]
    },
    {
      "module": "module.eks",
      "mode": "managed",
      "type": "aws_security_group_rule",
      "name": "cluster_https_worker_ingress",
      "provider": "provider[\"registry.terraform.io/hashicorp/aws\"]",
      "instances": [
        {
          "index_key": 0,
          "schema_version": 2,
          "attributes": {
            "cidr_blocks": null,
            "description": "Allow pods to communicate with the EKS cluster API.",
            "from_port": 443,
            "id": "sgrule-3367094905",
            "ipv6_cidr_blocks": null,
            "prefix_list_ids": null,
            "protocol": "tcp",
            "security_group_id": "sg-0ca84f932501b7243",
            "self": false,
            "source_security_group_id": "sg-073d44e7a7bc4a39e",
            "to_port": 443,
            "type": "ingress"
          },
          "sensitive_attributes": [],
          "private": "eyJzY2hlbWFfdmVyc2lvbiI6IjIifQ==",
          "dependencies": [
            "module.eks.aws_security_group.cluster",
            "module.eks.aws_security_group.workers",
            "module.vpc.aws_vpc.this",
            "random_string.suffix"
          ],
          "create_before_destroy": true
        }
      ]
    },
    {
      "module": "module.eks",
      "mode": "managed",
      "type": "aws_security_group_rule",
      "name": "workers_egress_internet",
      "provider": "provider[\"registry.terraform.io/hashicorp/aws\"]",
      "instances": [
        {
          "index_key": 0,
          "schema_version": 2,
          "attributes": {
            "cidr_blocks": [
              "0.0.0.0/0"
            ],
            "description": "Allow nodes all egress to the Internet.",
            "from_port": 0,
            "id": "sgrule-2372375617",
            "ipv6_cidr_blocks": null,
            "prefix_list_ids": null,
            "protocol": "-1",
            "security_group_id": "sg-073d44e7a7bc4a39e",
            "self": false,
            "source_security_group_id": null,
            "to_port": 0,
            "type": "egress"
          },
          "sensitive_attributes": [],
          "private": "eyJzY2hlbWFfdmVyc2lvbiI6IjIifQ==",
          "dependencies": [
            "module.eks.aws_security_group.workers",
            "module.vpc.aws_vpc.this",
            "random_string.suffix"
          ],
          "create_before_destroy": true
        }
      ]
    },
    {
      "module": "module.eks",
      "mode": "managed",
      "type": "aws_security_group_rule",
      "name": "workers_ingress_cluster",
      "provider": "provider[\"registry.terraform.io/hashicorp/aws\"]",
      "instances": [
        {
          "index_key": 0,
          "schema_version": 2,
          "attributes": {
            "cidr_blocks": null,
            "description": "Allow workers pods to receive communication from the cluster control plane.",
            "from_port": 1025,
            "id": "sgrule-2560983225",
            "ipv6_cidr_blocks": null,
            "prefix_list_ids": null,
            "protocol": "tcp",
            "security_group_id": "sg-073d44e7a7bc4a39e",
            "self": false,
            "source_security_group_id": "sg-0ca84f932501b7243",
            "to_port": 65535,
            "type": "ingress"
          },
          "sensitive_attributes": [],
          "private": "eyJzY2hlbWFfdmVyc2lvbiI6IjIifQ==",
          "dependencies": [
            "module.eks.aws_security_group.cluster",
            "module.eks.aws_security_group.workers",
            "module.vpc.aws_vpc.this",
            "random_string.suffix"
          ],
          "create_before_destroy": true
        }
      ]
    },
    {
      "module": "module.eks",
      "mode": "managed",
      "type": "aws_security_group_rule",
      "name": "workers_ingress_cluster_https",
      "provider": "provider[\"registry.terraform.io/hashicorp/aws\"]",
      "instances": [
        {
          "index_key": 0,
          "schema_version": 2,
          "attributes": {
            "cidr_blocks": null,
            "description": "Allow pods running extension API servers on port 443 to receive communication from cluster control plane.",
            "from_port": 443,
            "id": "sgrule-4201487808",
            "ipv6_cidr_blocks": null,
            "prefix_list_ids": null,
            "protocol": "tcp",
            "security_group_id": "sg-073d44e7a7bc4a39e",
            "self": false,
            "source_security_group_id": "sg-0ca84f932501b7243",
            "to_port": 443,
            "type": "ingress"
          },
          "sensitive_attributes": [],
          "private": "eyJzY2hlbWFfdmVyc2lvbiI6IjIifQ==",
          "dependencies": [
            "module.eks.aws_security_group.cluster",
            "module.eks.aws_security_group.workers",
            "module.vpc.aws_vpc.this",
            "random_string.suffix"
          ],
          "create_before_destroy": true
        }
      ]
    },
    {
      "module": "module.eks",
      "mode": "managed",
      "type": "aws_security_group_rule",
      "name": "workers_ingress_self",
      "provider": "provider[\"registry.terraform.io/hashicorp/aws\"]",
      "instances": [
        {
          "index_key": 0,
          "schema_version": 2,
          "attributes": {
            "cidr_blocks": null,
            "description": "Allow node to communicate with each other.",
            "from_port": 0,
            "id": "sgrule-182905261",
            "ipv6_cidr_blocks": null,
            "prefix_list_ids": null,
            "protocol": "-1",
            "security_group_id": "sg-073d44e7a7bc4a39e",
            "self": false,
            "source_security_group_id": "sg-073d44e7a7bc4a39e",
            "to_port": 65535,
            "type": "ingress"
          },
          "sensitive_attributes": [],
          "private": "eyJzY2hlbWFfdmVyc2lvbiI6IjIifQ==",
          "dependencies": [
            "module.eks.aws_security_group.workers",
            "module.vpc.aws_vpc.this",
            "random_string.suffix"
          ],
          "create_before_destroy": true
        }
      ]
    },
    {
      "module": "module.eks",
      "mode": "managed",
      "type": "kubernetes_config_map",
      "name": "aws_auth",
      "provider": "provider[\"registry.terraform.io/hashicorp/kubernetes\"]",
      "instances": [
        {
          "index_key": 0,
          "schema_version": 0,
          "attributes": {
            "binary_data": null,
            "data": {
              "mapAccounts": "[]\n",
              "mapRoles": "- \"groups\":\n  - \"system:bootstrappers\"\n  - \"system:nodes\"\n  \"rolearn\": \"arn:aws:iam::748880526031:role/puneet-eks-b3zREmpT2021082800102115470000000c\"\n  \"username\": \"system:node:{{EC2PrivateDNSName}}\"\n",
              "mapUsers": "[]\n"
            },
            "id": "kube-system/aws-auth",
            "metadata": [
              {
                "annotations": null,
                "generate_name": "",
                "generation": 0,
                "labels": {
                  "app.kubernetes.io/managed-by": "Terraform",
                  "terraform.io/module": "terraform-aws-modules.eks.aws"
                },
                "name": "aws-auth",
                "namespace": "kube-system",
                "resource_version": "704",
                "uid": "9e004258-ea7b-4a21-9518-b7bcccc14693"
              }
            ]
          },
          "sensitive_attributes": [],
          "private": "bnVsbA==",
          "dependencies": [
            "aws_security_group.worker_group_mgmt_one",
            "aws_security_group.worker_group_mgmt_two",
            "data.aws_availability_zones.available",
            "data.aws_eks_cluster.cluster",
            "data.aws_eks_cluster_auth.cluster",
            "module.eks.aws_cloudwatch_log_group.this",
            "module.eks.aws_eks_cluster.this",
            "module.eks.aws_iam_instance_profile.workers",
            "module.eks.aws_iam_instance_profile.workers_launch_template",
            "module.eks.aws_iam_role.cluster",
            "module.eks.aws_iam_role.workers",
            "module.eks.aws_iam_role_policy_attachment.cluster_AmazonEKSClusterPolicy",
            "module.eks.aws_iam_role_policy_attachment.cluster_AmazonEKSServicePolicy",
            "module.eks.aws_iam_role_policy_attachment.cluster_AmazonEKSVPCResourceControllerPolicy",
            "module.eks.aws_security_group.cluster",
            "module.eks.aws_security_group.workers",
            "module.eks.aws_security_group_rule.cluster_egress_internet",
            "module.eks.aws_security_group_rule.cluster_https_worker_ingress",
            "module.eks.aws_security_group_rule.cluster_private_access_cidrs_source",
            "module.eks.aws_security_group_rule.cluster_private_access_sg_source",
            "module.eks.data.aws_ami.eks_worker",
            "module.eks.data.aws_ami.eks_worker_windows",
            "module.eks.data.aws_caller_identity.current",
            "module.eks.data.aws_iam_instance_profile.custom_worker_group_iam_instance_profile",
            "module.eks.data.aws_iam_instance_profile.custom_worker_group_launch_template_iam_instance_profile",
            "module.eks.data.aws_iam_policy_document.cluster_assume_role_policy",
            "module.eks.data.aws_iam_policy_document.workers_assume_role_policy",
            "module.eks.data.aws_iam_role.custom_cluster_iam_role",
            "module.eks.data.aws_partition.current",
            "module.eks.data.http.wait_for_cluster",
            "module.eks.module.fargate.aws_iam_role.eks_fargate_pod",
            "module.eks.module.fargate.data.aws_iam_role.custom_fargate_iam_role",
            "module.vpc.aws_subnet.private",
            "module.vpc.aws_vpc.this",
            "module.vpc.aws_vpc_ipv4_cidr_block_association.this",
            "random_string.suffix"
          ]
        }
      ]
    },
    {
      "module": "module.eks",
      "mode": "managed",
      "type": "local_file",
      "name": "kubeconfig",
      "provider": "provider[\"registry.terraform.io/hashicorp/local\"]",
      "instances": [
        {
          "index_key": 0,
          "schema_version": 0,
          "attributes": {
            "content": "apiVersion: v1\npreferences: {}\nkind: Config\n\nclusters:\n- cluster:\n    server: https://D40324DB5DB7B3A7A41478B2CFEE86F6.gr7.us-east-1.eks.amazonaws.com\n    certificate-authority-data: LS0tLS1CRUdJTiBDRVJUSUZJQ0FURS0tLS0tCk1JSUM1ekNDQWMrZ0F3SUJBZ0lCQURBTkJna3Foa2lHOXcwQkFRc0ZBREFWTVJNd0VRWURWUVFERXdwcmRXSmwKY201bGRHVnpNQjRYRFRJeE1EZ3lPREF3TURVd09Gb1hEVE14TURneU5qQXdNRFV3T0Zvd0ZURVRNQkVHQTFVRQpBeE1LYTNWaVpYSnVaWFJsY3pDQ0FTSXdEUVlKS29aSWh2Y05BUUVCQlFBRGdnRVBBRENDQVFvQ2dnRUJBSjRQCmhDbitTdjd6cGdFYVV2TTBzNGRNejJoMzkwbEVEZG1SN3NQczV6RXdmT0ROU05rNUpaVHdvVW42K2lCUTRUWGcKRXQrOGQ3NzQ0T0NyYzRxZS9YUzljendldHJ1QXlFd0RxcFlSb1g4a2NEbUxhcEhVaVdmdHJDbzhTeUdWMDRQNwo3M3gzYmp2NHJqYVJ6dmRqbGlLbU5ERjBtZXNjUHJRNEI5dnZVeExZc3hIUVhFdGkwaHE3K0gvcFlleTMxUVlHCjR4ZG1ZZ0hJRHl6SURzcnVGTnRnU0d4YzcxVGdRT1FqZ3VqbWcrRnp3UWRtczZZaEhqcFU4ZWtsYm9ITHkwMlcKVDVwb2cxUk5pZkZOYmJIaUdpMUo0a21WR3lhLzhuWDg0M2E3eE80dkl4WUFlbHJaMWROK3B0ekxBaVpsUmxmRgo1UFp5ZlVBNlpsbVhPTmhLdkVrQ0F3RUFBYU5DTUVBd0RnWURWUjBQQVFIL0JBUURBZ0trTUE4R0ExVWRFd0VCCi93UUZNQU1CQWY4d0hRWURWUjBPQkJZRUZDSDNPODhoVyszOTZtVjQ2YUduVnhVVkk4OUxNQTBHQ1NxR1NJYjMKRFFFQkN3VUFBNElCQVFBV21jQjJ2V3gxdkx3UEgvdmI4dDJRNFJkYkRMMEtKSzJWbWk1V01CdHB3ZUZOOTRadwpqNGdKS0Jnb3RkNENUdDZHemwwNTMyY0NYaEc0bFkzTVFmOUFBTlgzc1M2WUo4VGJEMDNHSFVHY0p3VW5Nank1CmZEdFlxWEVtZzNjamEyeXo4ejdwTzFVWnozNTE3ZkxpM05veW51Y3VqZ1A2b2REbHpKejhBc3FPcDd3NWFUR0gKajNMT2cwUkpPaFJjRjBaVy9PUTdoYktQNEpZL0tMV3RSQXdUenNTM1BPb0daN1liWE5NUGF4UWNyYnBSV3pZdwpOTFRTS1FWRFVWR0dXNHdtQ3ArMkNha3dFQVZMQjZ4TEFRTlFvZ2hqM1ZSOC9XcTY5dEtqcDFYSnlUUGZjUEtkCi8zR1FUdGJocHUwczhnYVd2amlrcnVGZStWblZGMU5aQzdXbAotLS0tLUVORCBDRVJUSUZJQ0FURS0tLS0tCg==\n  name: eks_puneet-eks-b3zREmpT\n\ncontexts:\n- context:\n    cluster: eks_puneet-eks-b3zREmpT\n    user: eks_puneet-eks-b3zREmpT\n  name: eks_puneet-eks-b3zREmpT\n\ncurrent-context: eks_puneet-eks-b3zREmpT\n\nusers:\n- name: eks_puneet-eks-b3zREmpT\n  user:\n    exec:\n      apiVersion: client.authentication.k8s.io/v1alpha1\n      command: aws-iam-authenticator\n      args:\n        - \"token\"\n        - \"-i\"\n        - \"puneet-eks-b3zREmpT\"\n",
            "content_base64": null,
            "directory_permission": "0755",
            "file_permission": "0600",
            "filename": "./kubeconfig_puneet-eks-b3zREmpT",
            "id": "5c5b4c9a3110d381534975405eed1d24ddf1f27c",
            "sensitive_content": null,
            "source": null
          },
          "sensitive_attributes": [],
          "private": "bnVsbA==",
          "dependencies": [
            "data.aws_availability_zones.available",
            "module.eks.aws_cloudwatch_log_group.this",
            "module.eks.aws_eks_cluster.this",
            "module.eks.aws_iam_role.cluster",
            "module.eks.aws_iam_role_policy_attachment.cluster_AmazonEKSClusterPolicy",
            "module.eks.aws_iam_role_policy_attachment.cluster_AmazonEKSServicePolicy",
            "module.eks.aws_iam_role_policy_attachment.cluster_AmazonEKSVPCResourceControllerPolicy",
            "module.eks.aws_security_group.cluster",
            "module.eks.aws_security_group.workers",
            "module.eks.aws_security_group_rule.cluster_egress_internet",
            "module.eks.aws_security_group_rule.cluster_https_worker_ingress",
            "module.eks.data.aws_iam_policy_document.cluster_assume_role_policy",
            "module.eks.data.aws_iam_role.custom_cluster_iam_role",
            "module.eks.data.aws_partition.current",
            "module.vpc.aws_subnet.private",
            "module.vpc.aws_vpc.this",
            "module.vpc.aws_vpc_ipv4_cidr_block_association.this",
            "random_string.suffix"
          ]
        }
      ]
    },
    {
      "module": "module.vpc",
      "mode": "managed",
      "type": "aws_eip",
      "name": "nat",
      "provider": "provider[\"registry.terraform.io/hashicorp/aws\"]",
      "instances": [
        {
          "index_key": 0,
          "schema_version": 0,
          "attributes": {
            "address": null,
            "allocation_id": null,
            "associate_with_private_ip": null,
            "association_id": "",
            "carrier_ip": "",
            "customer_owned_ip": "",
            "customer_owned_ipv4_pool": "",
            "domain": "vpc",
            "id": "eipalloc-09b186ad95143f752",
            "instance": "",
            "network_border_group": "us-east-1",
            "network_interface": "",
            "private_dns": null,
            "private_ip": "",
            "public_dns": "ec2-52-23-74-82.compute-1.amazonaws.com",
            "public_ip": "52.23.74.82",
            "public_ipv4_pool": "amazon",
            "tags": {
              "Name": "education-vpc-us-east-1a",
              "kubernetes.io/cluster/puneet-eks-b3zREmpT": "shared"
            },
            "tags_all": {
              "Name": "education-vpc-us-east-1a",
              "kubernetes.io/cluster/puneet-eks-b3zREmpT": "shared"
            },
            "timeouts": null,
            "vpc": true
          },
          "sensitive_attributes": [],
          "private": "eyJlMmJmYjczMC1lY2FhLTExZTYtOGY4OC0zNDM2M2JjN2M0YzAiOnsiZGVsZXRlIjoxODAwMDAwMDAwMDAsInJlYWQiOjkwMDAwMDAwMDAwMCwidXBkYXRlIjozMDAwMDAwMDAwMDB9fQ==",
          "dependencies": [
            "data.aws_availability_zones.available",
            "random_string.suffix"
          ]
        }
      ]
    },
    {
      "module": "module.vpc",
      "mode": "managed",
      "type": "aws_internet_gateway",
      "name": "this",
      "provider": "provider[\"registry.terraform.io/hashicorp/aws\"]",
      "instances": [
        {
          "index_key": 0,
          "schema_version": 0,
          "attributes": {
            "arn": "arn:aws:ec2:us-east-1:748880526031:internet-gateway/igw-094eaa9a19b2a7702",
            "id": "igw-094eaa9a19b2a7702",
            "owner_id": "748880526031",
            "tags": {
              "Name": "education-vpc",
              "kubernetes.io/cluster/puneet-eks-b3zREmpT": "shared"
            },
            "tags_all": {
              "Name": "education-vpc",
              "kubernetes.io/cluster/puneet-eks-b3zREmpT": "shared"
            },
            "vpc_id": "vpc-082a0e3d2d8773887"
          },
          "sensitive_attributes": [],
          "private": "bnVsbA==",
          "dependencies": [
            "module.vpc.aws_vpc.this",
            "module.vpc.aws_vpc_ipv4_cidr_block_association.this",
            "random_string.suffix"
          ]
        }
      ]
    },
    {
      "module": "module.vpc",
      "mode": "managed",
      "type": "aws_nat_gateway",
      "name": "this",
      "provider": "provider[\"registry.terraform.io/hashicorp/aws\"]",
      "instances": [
        {
          "index_key": 0,
          "schema_version": 0,
          "attributes": {
            "allocation_id": "eipalloc-09b186ad95143f752",
            "connectivity_type": "public",
            "id": "nat-04347894d40bdd602",
            "network_interface_id": "eni-036a5c44819af47d2",
            "private_ip": "10.0.4.134",
            "public_ip": "52.23.74.82",
            "subnet_id": "subnet-0b1626f28ec18a78f",
            "tags": {
              "Name": "education-vpc-us-east-1a",
              "kubernetes.io/cluster/puneet-eks-b3zREmpT": "shared"
            },
            "tags_all": {
              "Name": "education-vpc-us-east-1a",
              "kubernetes.io/cluster/puneet-eks-b3zREmpT": "shared"
            }
          },
          "sensitive_attributes": [],
          "private": "bnVsbA==",
          "dependencies": [
            "data.aws_availability_zones.available",
            "module.vpc.aws_eip.nat",
            "module.vpc.aws_internet_gateway.this",
            "module.vpc.aws_subnet.public",
            "module.vpc.aws_vpc.this",
            "module.vpc.aws_vpc_ipv4_cidr_block_association.this",
            "random_string.suffix"
          ]
        }
      ]
    },
    {
      "module": "module.vpc",
      "mode": "managed",
      "type": "aws_route",
      "name": "private_nat_gateway",
      "provider": "provider[\"registry.terraform.io/hashicorp/aws\"]",
      "instances": [
        {
          "index_key": 0,
          "schema_version": 0,
          "attributes": {
            "carrier_gateway_id": "",
            "destination_cidr_block": "0.0.0.0/0",
            "destination_ipv6_cidr_block": "",
            "destination_prefix_list_id": "",
            "egress_only_gateway_id": "",
            "gateway_id": "",
            "id": "r-rtb-0a0726e4eaea590f11080289494",
            "instance_id": "",
            "instance_owner_id": "",
            "local_gateway_id": "",
            "nat_gateway_id": "nat-04347894d40bdd602",
            "network_interface_id": "",
            "origin": "CreateRoute",
            "route_table_id": "rtb-0a0726e4eaea590f1",
            "state": "active",
            "timeouts": {
              "create": "5m",
              "delete": null
            },
            "transit_gateway_id": "",
            "vpc_endpoint_id": "",
            "vpc_peering_connection_id": ""
          },
          "sensitive_attributes": [],
          "private": "eyJlMmJmYjczMC1lY2FhLTExZTYtOGY4OC0zNDM2M2JjN2M0YzAiOnsiY3JlYXRlIjozMDAwMDAwMDAwMDAsImRlbGV0ZSI6MzAwMDAwMDAwMDAwfX0=",
          "dependencies": [
            "data.aws_availability_zones.available",
            "module.vpc.aws_eip.nat",
            "module.vpc.aws_internet_gateway.this",
            "module.vpc.aws_nat_gateway.this",
            "module.vpc.aws_route_table.private",
            "module.vpc.aws_subnet.public",
            "module.vpc.aws_vpc.this",
            "module.vpc.aws_vpc_ipv4_cidr_block_association.this",
            "random_string.suffix"
          ]
        }
      ]
    },
    {
      "module": "module.vpc",
      "mode": "managed",
      "type": "aws_route",
      "name": "public_internet_gateway",
      "provider": "provider[\"registry.terraform.io/hashicorp/aws\"]",
      "instances": [
        {
          "index_key": 0,
          "schema_version": 0,
          "attributes": {
            "carrier_gateway_id": "",
            "destination_cidr_block": "0.0.0.0/0",
            "destination_ipv6_cidr_block": "",
            "destination_prefix_list_id": "",
            "egress_only_gateway_id": "",
            "gateway_id": "igw-094eaa9a19b2a7702",
            "id": "r-rtb-088a62bddbf13a2a11080289494",
            "instance_id": "",
            "instance_owner_id": "",
            "local_gateway_id": "",
            "nat_gateway_id": "",
            "network_interface_id": "",
            "origin": "CreateRoute",
            "route_table_id": "rtb-088a62bddbf13a2a1",
            "state": "active",
            "timeouts": {
              "create": "5m",
              "delete": null
            },
            "transit_gateway_id": "",
            "vpc_endpoint_id": "",
            "vpc_peering_connection_id": ""
          },
          "sensitive_attributes": [],
          "private": "eyJlMmJmYjczMC1lY2FhLTExZTYtOGY4OC0zNDM2M2JjN2M0YzAiOnsiY3JlYXRlIjozMDAwMDAwMDAwMDAsImRlbGV0ZSI6MzAwMDAwMDAwMDAwfX0=",
          "dependencies": [
            "module.vpc.aws_internet_gateway.this",
            "module.vpc.aws_route_table.public",
            "module.vpc.aws_vpc.this",
            "module.vpc.aws_vpc_ipv4_cidr_block_association.this",
            "random_string.suffix"
          ]
        }
      ]
    },
    {
      "module": "module.vpc",
      "mode": "managed",
      "type": "aws_route_table",
      "name": "private",
      "provider": "provider[\"registry.terraform.io/hashicorp/aws\"]",
      "instances": [
        {
          "index_key": 0,
          "schema_version": 0,
          "attributes": {
            "arn": "arn:aws:ec2:us-east-1:748880526031:route-table/rtb-0a0726e4eaea590f1",
            "id": "rtb-0a0726e4eaea590f1",
            "owner_id": "748880526031",
            "propagating_vgws": [],
            "route": [],
            "tags": {
              "Name": "education-vpc-private",
              "kubernetes.io/cluster/puneet-eks-b3zREmpT": "shared"
            },
            "tags_all": {
              "Name": "education-vpc-private",
              "kubernetes.io/cluster/puneet-eks-b3zREmpT": "shared"
            },
            "vpc_id": "vpc-082a0e3d2d8773887"
          },
          "sensitive_attributes": [],
          "private": "bnVsbA==",
          "dependencies": [
            "data.aws_availability_zones.available",
            "module.vpc.aws_vpc.this",
            "module.vpc.aws_vpc_ipv4_cidr_block_association.this",
            "random_string.suffix"
          ]
        }
      ]
    },
    {
      "module": "module.vpc",
      "mode": "managed",
      "type": "aws_route_table",
      "name": "public",
      "provider": "provider[\"registry.terraform.io/hashicorp/aws\"]",
      "instances": [
        {
          "index_key": 0,
          "schema_version": 0,
          "attributes": {
            "arn": "arn:aws:ec2:us-east-1:748880526031:route-table/rtb-088a62bddbf13a2a1",
            "id": "rtb-088a62bddbf13a2a1",
            "owner_id": "748880526031",
            "propagating_vgws": [],
            "route": [],
            "tags": {
              "Name": "education-vpc-public",
              "kubernetes.io/cluster/puneet-eks-b3zREmpT": "shared"
            },
            "tags_all": {
              "Name": "education-vpc-public",
              "kubernetes.io/cluster/puneet-eks-b3zREmpT": "shared"
            },
            "vpc_id": "vpc-082a0e3d2d8773887"
          },
          "sensitive_attributes": [],
          "private": "bnVsbA==",
          "dependencies": [
            "module.vpc.aws_vpc.this",
            "module.vpc.aws_vpc_ipv4_cidr_block_association.this",
            "random_string.suffix"
          ]
        }
      ]
    },
    {
      "module": "module.vpc",
      "mode": "managed",
      "type": "aws_route_table_association",
      "name": "private",
      "provider": "provider[\"registry.terraform.io/hashicorp/aws\"]",
      "instances": [
        {
          "index_key": 0,
          "schema_version": 0,
          "attributes": {
            "gateway_id": "",
            "id": "rtbassoc-000c76499d2d0f214",
            "route_table_id": "rtb-0a0726e4eaea590f1",
            "subnet_id": "subnet-095ebdfd910006a7d"
          },
          "sensitive_attributes": [],
          "private": "bnVsbA==",
          "dependencies": [
            "data.aws_availability_zones.available",
            "module.vpc.aws_route_table.private",
            "module.vpc.aws_subnet.private",
            "module.vpc.aws_vpc.this",
            "module.vpc.aws_vpc_ipv4_cidr_block_association.this",
            "random_string.suffix"
          ]
        },
        {
          "index_key": 1,
          "schema_version": 0,
          "attributes": {
            "gateway_id": "",
            "id": "rtbassoc-0a3f0e496ca733ae8",
            "route_table_id": "rtb-0a0726e4eaea590f1",
            "subnet_id": "subnet-079071da408a276a2"
          },
          "sensitive_attributes": [],
          "private": "bnVsbA==",
          "dependencies": [
            "data.aws_availability_zones.available",
            "module.vpc.aws_route_table.private",
            "module.vpc.aws_subnet.private",
            "module.vpc.aws_vpc.this",
            "module.vpc.aws_vpc_ipv4_cidr_block_association.this",
            "random_string.suffix"
          ]
        },
        {
          "index_key": 2,
          "schema_version": 0,
          "attributes": {
            "gateway_id": "",
            "id": "rtbassoc-003453a9681255a1d",
            "route_table_id": "rtb-0a0726e4eaea590f1",
            "subnet_id": "subnet-06845fc2f1a664954"
          },
          "sensitive_attributes": [],
          "private": "bnVsbA==",
          "dependencies": [
            "data.aws_availability_zones.available",
            "module.vpc.aws_route_table.private",
            "module.vpc.aws_subnet.private",
            "module.vpc.aws_vpc.this",
            "module.vpc.aws_vpc_ipv4_cidr_block_association.this",
            "random_string.suffix"
          ]
        }
      ]
    },
    {
      "module": "module.vpc",
      "mode": "managed",
      "type": "aws_route_table_association",
      "name": "public",
      "provider": "provider[\"registry.terraform.io/hashicorp/aws\"]",
      "instances": [
        {
          "index_key": 0,
          "schema_version": 0,
          "attributes": {
            "gateway_id": "",
            "id": "rtbassoc-0b0c4c20631934f50",
            "route_table_id": "rtb-088a62bddbf13a2a1",
            "subnet_id": "subnet-0b1626f28ec18a78f"
          },
          "sensitive_attributes": [],
          "private": "bnVsbA==",
          "dependencies": [
            "data.aws_availability_zones.available",
            "module.vpc.aws_route_table.public",
            "module.vpc.aws_subnet.public",
            "module.vpc.aws_vpc.this",
            "module.vpc.aws_vpc_ipv4_cidr_block_association.this",
            "random_string.suffix"
          ]
        },
        {
          "index_key": 1,
          "schema_version": 0,
          "attributes": {
            "gateway_id": "",
            "id": "rtbassoc-0f1036234e8707402",
            "route_table_id": "rtb-088a62bddbf13a2a1",
            "subnet_id": "subnet-0cccdec2ea8d56b94"
          },
          "sensitive_attributes": [],
          "private": "bnVsbA==",
          "dependencies": [
            "data.aws_availability_zones.available",
            "module.vpc.aws_route_table.public",
            "module.vpc.aws_subnet.public",
            "module.vpc.aws_vpc.this",
            "module.vpc.aws_vpc_ipv4_cidr_block_association.this",
            "random_string.suffix"
          ]
        },
        {
          "index_key": 2,
          "schema_version": 0,
          "attributes": {
            "gateway_id": "",
            "id": "rtbassoc-096687a285b588ad6",
            "route_table_id": "rtb-088a62bddbf13a2a1",
            "subnet_id": "subnet-00c8374216dd74771"
          },
          "sensitive_attributes": [],
          "private": "bnVsbA==",
          "dependencies": [
            "data.aws_availability_zones.available",
            "module.vpc.aws_route_table.public",
            "module.vpc.aws_subnet.public",
            "module.vpc.aws_vpc.this",
            "module.vpc.aws_vpc_ipv4_cidr_block_association.this",
            "random_string.suffix"
          ]
        }
      ]
    },
    {
      "module": "module.vpc",
      "mode": "managed",
      "type": "aws_subnet",
      "name": "private",
      "provider": "provider[\"registry.terraform.io/hashicorp/aws\"]",
      "instances": [
        {
          "index_key": 0,
          "schema_version": 1,
          "attributes": {
            "arn": "arn:aws:ec2:us-east-1:748880526031:subnet/subnet-095ebdfd910006a7d",
            "assign_ipv6_address_on_creation": false,
            "availability_zone": "us-east-1a",
            "availability_zone_id": "use1-az2",
            "cidr_block": "10.0.1.0/24",
            "customer_owned_ipv4_pool": "",
            "id": "subnet-095ebdfd910006a7d",
            "ipv6_cidr_block": "",
            "ipv6_cidr_block_association_id": "",
            "map_customer_owned_ip_on_launch": false,
            "map_public_ip_on_launch": false,
            "outpost_arn": "",
            "owner_id": "748880526031",
            "tags": {
              "Name": "education-vpc-private-us-east-1a",
              "kubernetes.io/cluster/puneet-eks-b3zREmpT": "shared",
              "kubernetes.io/role/internal-elb": "1"
            },
            "tags_all": {
              "Name": "education-vpc-private-us-east-1a",
              "kubernetes.io/cluster/puneet-eks-b3zREmpT": "shared",
              "kubernetes.io/role/internal-elb": "1"
            },
            "timeouts": null,
            "vpc_id": "vpc-082a0e3d2d8773887"
          },
          "sensitive_attributes": [],
          "private": "eyJlMmJmYjczMC1lY2FhLTExZTYtOGY4OC0zNDM2M2JjN2M0YzAiOnsiY3JlYXRlIjo2MDAwMDAwMDAwMDAsImRlbGV0ZSI6MTIwMDAwMDAwMDAwMH0sInNjaGVtYV92ZXJzaW9uIjoiMSJ9",
          "dependencies": [
            "data.aws_availability_zones.available",
            "module.vpc.aws_vpc.this",
            "module.vpc.aws_vpc_ipv4_cidr_block_association.this",
            "random_string.suffix"
          ],
          "create_before_destroy": true
        },
        {
          "index_key": 1,
          "schema_version": 1,
          "attributes": {
            "arn": "arn:aws:ec2:us-east-1:748880526031:subnet/subnet-079071da408a276a2",
            "assign_ipv6_address_on_creation": false,
            "availability_zone": "us-east-1b",
            "availability_zone_id": "use1-az4",
            "cidr_block": "10.0.2.0/24",
            "customer_owned_ipv4_pool": "",
            "id": "subnet-079071da408a276a2",
            "ipv6_cidr_block": "",
            "ipv6_cidr_block_association_id": "",
            "map_customer_owned_ip_on_launch": false,
            "map_public_ip_on_launch": false,
            "outpost_arn": "",
            "owner_id": "748880526031",
            "tags": {
              "Name": "education-vpc-private-us-east-1b",
              "kubernetes.io/cluster/puneet-eks-b3zREmpT": "shared",
              "kubernetes.io/role/internal-elb": "1"
            },
            "tags_all": {
              "Name": "education-vpc-private-us-east-1b",
              "kubernetes.io/cluster/puneet-eks-b3zREmpT": "shared",
              "kubernetes.io/role/internal-elb": "1"
            },
            "timeouts": null,
            "vpc_id": "vpc-082a0e3d2d8773887"
          },
          "sensitive_attributes": [],
          "private": "eyJlMmJmYjczMC1lY2FhLTExZTYtOGY4OC0zNDM2M2JjN2M0YzAiOnsiY3JlYXRlIjo2MDAwMDAwMDAwMDAsImRlbGV0ZSI6MTIwMDAwMDAwMDAwMH0sInNjaGVtYV92ZXJzaW9uIjoiMSJ9",
          "dependencies": [
            "data.aws_availability_zones.available",
            "module.vpc.aws_vpc.this",
            "module.vpc.aws_vpc_ipv4_cidr_block_association.this",
            "random_string.suffix"
          ],
          "create_before_destroy": true
        },
        {
          "index_key": 2,
          "schema_version": 1,
          "attributes": {
            "arn": "arn:aws:ec2:us-east-1:748880526031:subnet/subnet-06845fc2f1a664954",
            "assign_ipv6_address_on_creation": false,
            "availability_zone": "us-east-1c",
            "availability_zone_id": "use1-az6",
            "cidr_block": "10.0.3.0/24",
            "customer_owned_ipv4_pool": "",
            "id": "subnet-06845fc2f1a664954",
            "ipv6_cidr_block": "",
            "ipv6_cidr_block_association_id": "",
            "map_customer_owned_ip_on_launch": false,
            "map_public_ip_on_launch": false,
            "outpost_arn": "",
            "owner_id": "748880526031",
            "tags": {
              "Name": "education-vpc-private-us-east-1c",
              "kubernetes.io/cluster/puneet-eks-b3zREmpT": "shared",
              "kubernetes.io/role/internal-elb": "1"
            },
            "tags_all": {
              "Name": "education-vpc-private-us-east-1c",
              "kubernetes.io/cluster/puneet-eks-b3zREmpT": "shared",
              "kubernetes.io/role/internal-elb": "1"
            },
            "timeouts": null,
            "vpc_id": "vpc-082a0e3d2d8773887"
          },
          "sensitive_attributes": [],
          "private": "eyJlMmJmYjczMC1lY2FhLTExZTYtOGY4OC0zNDM2M2JjN2M0YzAiOnsiY3JlYXRlIjo2MDAwMDAwMDAwMDAsImRlbGV0ZSI6MTIwMDAwMDAwMDAwMH0sInNjaGVtYV92ZXJzaW9uIjoiMSJ9",
          "dependencies": [
            "data.aws_availability_zones.available",
            "module.vpc.aws_vpc.this",
            "module.vpc.aws_vpc_ipv4_cidr_block_association.this",
            "random_string.suffix"
          ],
          "create_before_destroy": true
        }
      ]
    },
    {
      "module": "module.vpc",
      "mode": "managed",
      "type": "aws_subnet",
      "name": "public",
      "provider": "provider[\"registry.terraform.io/hashicorp/aws\"]",
      "instances": [
        {
          "index_key": 0,
          "schema_version": 1,
          "attributes": {
            "arn": "arn:aws:ec2:us-east-1:748880526031:subnet/subnet-0b1626f28ec18a78f",
            "assign_ipv6_address_on_creation": false,
            "availability_zone": "us-east-1a",
            "availability_zone_id": "use1-az2",
            "cidr_block": "10.0.4.0/24",
            "customer_owned_ipv4_pool": "",
            "id": "subnet-0b1626f28ec18a78f",
            "ipv6_cidr_block": "",
            "ipv6_cidr_block_association_id": "",
            "map_customer_owned_ip_on_launch": false,
            "map_public_ip_on_launch": true,
            "outpost_arn": "",
            "owner_id": "748880526031",
            "tags": {
              "Name": "education-vpc-public-us-east-1a",
              "kubernetes.io/cluster/puneet-eks-b3zREmpT": "shared",
              "kubernetes.io/role/elb": "1"
            },
            "tags_all": {
              "Name": "education-vpc-public-us-east-1a",
              "kubernetes.io/cluster/puneet-eks-b3zREmpT": "shared",
              "kubernetes.io/role/elb": "1"
            },
            "timeouts": null,
            "vpc_id": "vpc-082a0e3d2d8773887"
          },
          "sensitive_attributes": [],
          "private": "eyJlMmJmYjczMC1lY2FhLTExZTYtOGY4OC0zNDM2M2JjN2M0YzAiOnsiY3JlYXRlIjo2MDAwMDAwMDAwMDAsImRlbGV0ZSI6MTIwMDAwMDAwMDAwMH0sInNjaGVtYV92ZXJzaW9uIjoiMSJ9",
          "dependencies": [
            "data.aws_availability_zones.available",
            "module.vpc.aws_vpc.this",
            "module.vpc.aws_vpc_ipv4_cidr_block_association.this",
            "random_string.suffix"
          ]
        },
        {
          "index_key": 1,
          "schema_version": 1,
          "attributes": {
            "arn": "arn:aws:ec2:us-east-1:748880526031:subnet/subnet-0cccdec2ea8d56b94",
            "assign_ipv6_address_on_creation": false,
            "availability_zone": "us-east-1b",
            "availability_zone_id": "use1-az4",
            "cidr_block": "10.0.5.0/24",
            "customer_owned_ipv4_pool": "",
            "id": "subnet-0cccdec2ea8d56b94",
            "ipv6_cidr_block": "",
            "ipv6_cidr_block_association_id": "",
            "map_customer_owned_ip_on_launch": false,
            "map_public_ip_on_launch": true,
            "outpost_arn": "",
            "owner_id": "748880526031",
            "tags": {
              "Name": "education-vpc-public-us-east-1b",
              "kubernetes.io/cluster/puneet-eks-b3zREmpT": "shared",
              "kubernetes.io/role/elb": "1"
            },
            "tags_all": {
              "Name": "education-vpc-public-us-east-1b",
              "kubernetes.io/cluster/puneet-eks-b3zREmpT": "shared",
              "kubernetes.io/role/elb": "1"
            },
            "timeouts": null,
            "vpc_id": "vpc-082a0e3d2d8773887"
          },
          "sensitive_attributes": [],
          "private": "eyJlMmJmYjczMC1lY2FhLTExZTYtOGY4OC0zNDM2M2JjN2M0YzAiOnsiY3JlYXRlIjo2MDAwMDAwMDAwMDAsImRlbGV0ZSI6MTIwMDAwMDAwMDAwMH0sInNjaGVtYV92ZXJzaW9uIjoiMSJ9",
          "dependencies": [
            "data.aws_availability_zones.available",
            "module.vpc.aws_vpc.this",
            "module.vpc.aws_vpc_ipv4_cidr_block_association.this",
            "random_string.suffix"
          ]
        },
        {
          "index_key": 2,
          "schema_version": 1,
          "attributes": {
            "arn": "arn:aws:ec2:us-east-1:748880526031:subnet/subnet-00c8374216dd74771",
            "assign_ipv6_address_on_creation": false,
            "availability_zone": "us-east-1c",
            "availability_zone_id": "use1-az6",
            "cidr_block": "10.0.6.0/24",
            "customer_owned_ipv4_pool": "",
            "id": "subnet-00c8374216dd74771",
            "ipv6_cidr_block": "",
            "ipv6_cidr_block_association_id": "",
            "map_customer_owned_ip_on_launch": false,
            "map_public_ip_on_launch": true,
            "outpost_arn": "",
            "owner_id": "748880526031",
            "tags": {
              "Name": "education-vpc-public-us-east-1c",
              "kubernetes.io/cluster/puneet-eks-b3zREmpT": "shared",
              "kubernetes.io/role/elb": "1"
            },
            "tags_all": {
              "Name": "education-vpc-public-us-east-1c",
              "kubernetes.io/cluster/puneet-eks-b3zREmpT": "shared",
              "kubernetes.io/role/elb": "1"
            },
            "timeouts": null,
            "vpc_id": "vpc-082a0e3d2d8773887"
          },
          "sensitive_attributes": [],
          "private": "eyJlMmJmYjczMC1lY2FhLTExZTYtOGY4OC0zNDM2M2JjN2M0YzAiOnsiY3JlYXRlIjo2MDAwMDAwMDAwMDAsImRlbGV0ZSI6MTIwMDAwMDAwMDAwMH0sInNjaGVtYV92ZXJzaW9uIjoiMSJ9",
          "dependencies": [
            "data.aws_availability_zones.available",
            "module.vpc.aws_vpc.this",
            "module.vpc.aws_vpc_ipv4_cidr_block_association.this",
            "random_string.suffix"
          ]
        }
      ]
    },
    {
      "module": "module.vpc",
      "mode": "managed",
      "type": "aws_vpc",
      "name": "this",
      "provider": "provider[\"registry.terraform.io/hashicorp/aws\"]",
      "instances": [
        {
          "index_key": 0,
          "schema_version": 1,
          "attributes": {
            "arn": "arn:aws:ec2:us-east-1:748880526031:vpc/vpc-082a0e3d2d8773887",
            "assign_generated_ipv6_cidr_block": false,
            "cidr_block": "10.0.0.0/16",
            "default_network_acl_id": "acl-069b63734a26e0cc8",
            "default_route_table_id": "rtb-0907d807031fd776d",
            "default_security_group_id": "sg-051cfa02bac046800",
            "dhcp_options_id": "dopt-6ef8ab14",
            "enable_classiclink": false,
            "enable_classiclink_dns_support": false,
            "enable_dns_hostnames": true,
            "enable_dns_support": true,
            "id": "vpc-082a0e3d2d8773887",
            "instance_tenancy": "default",
            "ipv6_association_id": "",
            "ipv6_cidr_block": "",
            "main_route_table_id": "rtb-0907d807031fd776d",
            "owner_id": "748880526031",
            "tags": {
              "Name": "education-vpc",
              "kubernetes.io/cluster/puneet-eks-b3zREmpT": "shared"
            },
            "tags_all": {
              "Name": "education-vpc",
              "kubernetes.io/cluster/puneet-eks-b3zREmpT": "shared"
            }
          },
          "sensitive_attributes": [],
          "private": "eyJzY2hlbWFfdmVyc2lvbiI6IjEifQ==",
          "dependencies": [
            "random_string.suffix"
          ],
          "create_before_destroy": true
        }
      ]
    }
  ]
}
